// !$*UTF8*$!
{
	archiveVersion = 1;
	classes = {
	};
	objectVersion = 56;
	objects = {

/* Begin PBXBuildFile section */
		A8CD575F2B673EF100CC2939 /* AppDelegate.swift in Sources */ = {isa = PBXBuildFile; fileRef = A8CD575E2B673EF100CC2939 /* AppDelegate.swift */; };
		A8CD57612B673EF100CC2939 /* SceneDelegate.swift in Sources */ = {isa = PBXBuildFile; fileRef = A8CD57602B673EF100CC2939 /* SceneDelegate.swift */; };
		A8CD57632B673EF100CC2939 /* ViewController.swift in Sources */ = {isa = PBXBuildFile; fileRef = A8CD57622B673EF100CC2939 /* ViewController.swift */; };
		A8CD57662B673EF100CC2939 /* Main.storyboard in Resources */ = {isa = PBXBuildFile; fileRef = A8CD57642B673EF100CC2939 /* Main.storyboard */; };
		A8CD57682B673EF200CC2939 /* Assets.xcassets in Resources */ = {isa = PBXBuildFile; fileRef = A8CD57672B673EF200CC2939 /* Assets.xcassets */; };
		A8CD576B2B673EF200CC2939 /* LaunchScreen.storyboard in Resources */ = {isa = PBXBuildFile; fileRef = A8CD57692B673EF200CC2939 /* LaunchScreen.storyboard */; };
		A8CD57732B673F1400CC2939 /* MemoryLeakViewController.swift in Sources */ = {isa = PBXBuildFile; fileRef = A8CD57722B673F1400CC2939 /* MemoryLeakViewController.swift */; };
		A8CD57752B675A4200CC2939 /* Leakable.swift in Sources */ = {isa = PBXBuildFile; fileRef = A8CD57742B675A4200CC2939 /* Leakable.swift */; };
/* End PBXBuildFile section */

/* Begin PBXFileReference section */
		A8CD575B2B673EF100CC2939 /* LeakMemory.app */ = {isa = PBXFileReference; explicitFileType = wrapper.application; includeInIndex = 0; path = LeakMemory.app; sourceTree = BUILT_PRODUCTS_DIR; };
		A8CD575E2B673EF100CC2939 /* AppDelegate.swift */ = {isa = PBXFileReference; lastKnownFileType = sourcecode.swift; path = AppDelegate.swift; sourceTree = "<group>"; };
		A8CD57602B673EF100CC2939 /* SceneDelegate.swift */ = {isa = PBXFileReference; lastKnownFileType = sourcecode.swift; path = SceneDelegate.swift; sourceTree = "<group>"; };
		A8CD57622B673EF100CC2939 /* ViewController.swift */ = {isa = PBXFileReference; lastKnownFileType = sourcecode.swift; path = ViewController.swift; sourceTree = "<group>"; };
		A8CD57652B673EF100CC2939 /* Base */ = {isa = PBXFileReference; lastKnownFileType = file.storyboard; name = Base; path = Base.lproj/Main.storyboard; sourceTree = "<group>"; };
		A8CD57672B673EF200CC2939 /* Assets.xcassets */ = {isa = PBXFileReference; lastKnownFileType = folder.assetcatalog; path = Assets.xcassets; sourceTree = "<group>"; };
		A8CD576A2B673EF200CC2939 /* Base */ = {isa = PBXFileReference; lastKnownFileType = file.storyboard; name = Base; path = Base.lproj/LaunchScreen.storyboard; sourceTree = "<group>"; };
		A8CD576C2B673EF200CC2939 /* Info.plist */ = {isa = PBXFileReference; lastKnownFileType = text.plist.xml; path = Info.plist; sourceTree = "<group>"; };
		A8CD57722B673F1400CC2939 /* MemoryLeakViewController.swift */ = {isa = PBXFileReference; lastKnownFileType = sourcecode.swift; path = MemoryLeakViewController.swift; sourceTree = "<group>"; };
		A8CD57742B675A4200CC2939 /* Leakable.swift */ = {isa = PBXFileReference; lastKnownFileType = sourcecode.swift; path = Leakable.swift; sourceTree = "<group>"; };
/* End PBXFileReference section */

/* Begin PBXFrameworksBuildPhase section */
		A8CD57582B673EF100CC2939 /* Frameworks */ = {
			isa = PBXFrameworksBuildPhase;
			buildActionMask = 2147483647;
			files = (
			);
			runOnlyForDeploymentPostprocessing = 0;
		};
/* End PBXFrameworksBuildPhase section */

/* Begin PBXGroup section */
		A8CD57522B673EF100CC2939 = {
			isa = PBXGroup;
			children = (
				A8CD575D2B673EF100CC2939 /* LeakMemory */,
				A8CD575C2B673EF100CC2939 /* Products */,
			);
			sourceTree = "<group>";
		};
		A8CD575C2B673EF100CC2939 /* Products */ = {
			isa = PBXGroup;
			children = (
				A8CD575B2B673EF100CC2939 /* LeakMemory.app */,
			);
			name = Products;
			sourceTree = "<group>";
		};
		A8CD575D2B673EF100CC2939 /* LeakMemory */ = {
			isa = PBXGroup;
			children = (
				A8CD575E2B673EF100CC2939 /* AppDelegate.swift */,
				A8CD57602B673EF100CC2939 /* SceneDelegate.swift */,
				A8CD57742B675A4200CC2939 /* Leakable.swift */,
				A8CD57622B673EF100CC2939 /* ViewController.swift */,
				A8CD57722B673F1400CC2939 /* MemoryLeakViewController.swift */,
				A8CD57642B673EF100CC2939 /* Main.storyboard */,
				A8CD57672B673EF200CC2939 /* Assets.xcassets */,
				A8CD57692B673EF200CC2939 /* LaunchScreen.storyboard */,
				A8CD576C2B673EF200CC2939 /* Info.plist */,
			);
			path = LeakMemory;
			sourceTree = "<group>";
		};
/* End PBXGroup section */

/* Begin PBXNativeTarget section */
		A8CD575A2B673EF100CC2939 /* LeakMemory */ = {
			isa = PBXNativeTarget;
			buildConfigurationList = A8CD576F2B673EF200CC2939 /* Build configuration list for PBXNativeTarget "LeakMemory" */;
			buildPhases = (
				A8CD57572B673EF100CC2939 /* Sources */,
				A8CD57582B673EF100CC2939 /* Frameworks */,
				A8CD57592B673EF100CC2939 /* Resources */,
			);
			buildRules = (
			);
			dependencies = (
			);
			name = LeakMemory;
			productName = LeakMemory;
			productReference = A8CD575B2B673EF100CC2939 /* LeakMemory.app */;
			productType = "com.apple.product-type.application";
		};
/* End PBXNativeTarget section */

/* Begin PBXProject section */
		A8CD57532B673EF100CC2939 /* Project object */ = {
			isa = PBXProject;
			attributes = {
				BuildIndependentTargetsInParallel = 1;
				LastSwiftUpdateCheck = 1520;
				LastUpgradeCheck = 1520;
				TargetAttributes = {
					A8CD575A2B673EF100CC2939 = {
						CreatedOnToolsVersion = 15.2;
					};
				};
			};
			buildConfigurationList = A8CD57562B673EF100CC2939 /* Build configuration list for PBXProject "LeakMemory" */;
			compatibilityVersion = "Xcode 14.0";
			developmentRegion = en;
			hasScannedForEncodings = 0;
			knownRegions = (
				en,
				Base,
			);
			mainGroup = A8CD57522B673EF100CC2939;
			productRefGroup = A8CD575C2B673EF100CC2939 /* Products */;
			projectDirPath = "";
			projectRoot = "";
			targets = (
				A8CD575A2B673EF100CC2939 /* LeakMemory */,
			);
		};
/* End PBXProject section */

/* Begin PBXResourcesBuildPhase section */
		A8CD57592B673EF100CC2939 /* Resources */ = {
			isa = PBXResourcesBuildPhase;
			buildActionMask = 2147483647;
			files = (
				A8CD576B2B673EF200CC2939 /* LaunchScreen.storyboard in Resources */,
				A8CD57682B673EF200CC2939 /* Assets.xcassets in Resources */,
				A8CD57662B673EF100CC2939 /* Main.storyboard in Resources */,
			);
			runOnlyForDeploymentPostprocessing = 0;
		};
/* End PBXResourcesBuildPhase section */

/* Begin PBXSourcesBuildPhase section */
		A8CD57572B673EF100CC2939 /* Sources */ = {
			isa = PBXSourcesBuildPhase;
			buildActionMask = 2147483647;
			files = (
				A8CD57632B673EF100CC2939 /* ViewController.swift in Sources */,
				A8CD575F2B673EF100CC2939 /* AppDelegate.swift in Sources */,
				A8CD57732B673F1400CC2939 /* MemoryLeakViewController.swift in Sources */,
				A8CD57612B673EF100CC2939 /* SceneDelegate.swift in Sources */,
				A8CD57752B675A4200CC2939 /* Leakable.swift in Sources */,
			);
			runOnlyForDeploymentPostprocessing = 0;
		};
/* End PBXSourcesBuildPhase section */

/* Begin PBXVariantGroup section */
		A8CD57642B673EF100CC2939 /* Main.storyboard */ = {
			isa = PBXVariantGroup;
			children = (
				A8CD57652B673EF100CC2939 /* Base */,
			);
			name = Main.storyboard;
			sourceTree = "<group>";
		};
		A8CD57692B673EF200CC2939 /* LaunchScreen.storyboard */ = {
			isa = PBXVariantGroup;
			children = (
				A8CD576A2B673EF200CC2939 /* Base */,
			);
			name = LaunchScreen.storyboard;
			sourceTree = "<group>";
		};
/* End PBXVariantGroup section */

/* Begin XCBuildConfiguration section */
		A8CD576D2B673EF200CC2939 /* Debug */ = {
			isa = XCBuildConfiguration;
			buildSettings = {
				ALWAYS_SEARCH_USER_PATHS = NO;
				ASSETCATALOG_COMPILER_GENERATE_SWIFT_ASSET_SYMBOL_EXTENSIONS = YES;
				CLANG_ANALYZER_NONNULL = YES;
				CLANG_ANALYZER_NUMBER_OBJECT_CONVERSION = YES_AGGRESSIVE;
				CLANG_CXX_LANGUAGE_STANDARD = "gnu++20";
				CLANG_ENABLE_MODULES = YES;
				CLANG_ENABLE_OBJC_ARC = YES;
				CLANG_ENABLE_OBJC_WEAK = YES;
				CLANG_WARN_BLOCK_CAPTURE_AUTORELEASING = YES;
				CLANG_WARN_BOOL_CONVERSION = YES;
				CLANG_WARN_COMMA = YES;
				CLANG_WARN_CONSTANT_CONVERSION = YES;
				CLANG_WARN_DEPRECATED_OBJC_IMPLEMENTATIONS = YES;
				CLANG_WARN_DIRECT_OBJC_ISA_USAGE = YES_ERROR;
				CLANG_WARN_DOCUMENTATION_COMMENTS = YES;
				CLANG_WARN_EMPTY_BODY = YES;
				CLANG_WARN_ENUM_CONVERSION = YES;
				CLANG_WARN_INFINITE_RECURSION = YES;
				CLANG_WARN_INT_CONVERSION = YES;
				CLANG_WARN_NON_LITERAL_NULL_CONVERSION = YES;
				CLANG_WARN_OBJC_IMPLICIT_RETAIN_SELF = YES;
				CLANG_WARN_OBJC_LITERAL_CONVERSION = YES;
				CLANG_WARN_OBJC_ROOT_CLASS = YES_ERROR;
				CLANG_WARN_QUOTED_INCLUDE_IN_FRAMEWORK_HEADER = YES;
				CLANG_WARN_RANGE_LOOP_ANALYSIS = YES;
				CLANG_WARN_STRICT_PROTOTYPES = YES;
				CLANG_WARN_SUSPICIOUS_MOVE = YES;
				CLANG_WARN_UNGUARDED_AVAILABILITY = YES_AGGRESSIVE;
				CLANG_WARN_UNREACHABLE_CODE = YES;
				CLANG_WARN__DUPLICATE_METHOD_MATCH = YES;
				COPY_PHASE_STRIP = NO;
				DEBUG_INFORMATION_FORMAT = dwarf;
				ENABLE_STRICT_OBJC_MSGSEND = YES;
				ENABLE_TESTABILITY = YES;
				ENABLE_USER_SCRIPT_SANDBOXING = YES;
				GCC_C_LANGUAGE_STANDARD = gnu17;
				GCC_DYNAMIC_NO_PIC = NO;
				GCC_NO_COMMON_BLOCKS = YES;
				GCC_OPTIMIZATION_LEVEL = 0;
				GCC_PREPROCESSOR_DEFINITIONS = (
					"DEBUG=1",
					"$(inherited)",
				);
				GCC_WARN_64_TO_32_BIT_CONVERSION = YES;
				GCC_WARN_ABOUT_RETURN_TYPE = YES_ERROR;
				GCC_WARN_UNDECLARED_SELECTOR = YES;
				GCC_WARN_UNINITIALIZED_AUTOS = YES_AGGRESSIVE;
				GCC_WARN_UNUSED_FUNCTION = YES;
				GCC_WARN_UNUSED_VARIABLE = YES;
				IPHONEOS_DEPLOYMENT_TARGET = 17.2;
				LOCALIZATION_PREFERS_STRING_CATALOGS = YES;
				MTL_ENABLE_DEBUG_INFO = INCLUDE_SOURCE;
				MTL_FAST_MATH = YES;
				ONLY_ACTIVE_ARCH = YES;
				SDKROOT = iphoneos;
				SWIFT_ACTIVE_COMPILATION_CONDITIONS = "DEBUG $(inherited)";
				SWIFT_OPTIMIZATION_LEVEL = "-Onone";
			};
			name = Debug;
		};
		A8CD576E2B673EF200CC2939 /* Release */ = {
			isa = XCBuildConfiguration;
			buildSettings = {
				ALWAYS_SEARCH_USER_PATHS = NO;
				ASSETCATALOG_COMPILER_GENERATE_SWIFT_ASSET_SYMBOL_EXTENSIONS = YES;
				CLANG_ANALYZER_NONNULL = YES;
				CLANG_ANALYZER_NUMBER_OBJECT_CONVERSION = YES_AGGRESSIVE;
				CLANG_CXX_LANGUAGE_STANDARD = "gnu++20";
				CLANG_ENABLE_MODULES = YES;
				CLANG_ENABLE_OBJC_ARC = YES;
				CLANG_ENABLE_OBJC_WEAK = YES;
				CLANG_WARN_BLOCK_CAPTURE_AUTORELEASING = YES;
				CLANG_WARN_BOOL_CONVERSION = YES;
				CLANG_WARN_COMMA = YES;
				CLANG_WARN_CONSTANT_CONVERSION = YES;
				CLANG_WARN_DEPRECATED_OBJC_IMPLEMENTATIONS = YES;
				CLANG_WARN_DIRECT_OBJC_ISA_USAGE = YES_ERROR;
				CLANG_WARN_DOCUMENTATION_COMMENTS = YES;
				CLANG_WARN_EMPTY_BODY = YES;
				CLANG_WARN_ENUM_CONVERSION = YES;
				CLANG_WARN_INFINITE_RECURSION = YES;
				CLANG_WARN_INT_CONVERSION = YES;
				CLANG_WARN_NON_LITERAL_NULL_CONVERSION = YES;
				CLANG_WARN_OBJC_IMPLICIT_RETAIN_SELF = YES;
				CLANG_WARN_OBJC_LITERAL_CONVERSION = YES;
				CLANG_WARN_OBJC_ROOT_CLASS = YES_ERROR;
				CLANG_WARN_QUOTED_INCLUDE_IN_FRAMEWORK_HEADER = YES;
				CLANG_WARN_RANGE_LOOP_ANALYSIS = YES;
				CLANG_WARN_STRICT_PROTOTYPES = YES;
				CLANG_WARN_SUSPICIOUS_MOVE = YES;
				CLANG_WARN_UNGUARDED_AVAILABILITY = YES_AGGRESSIVE;
				CLANG_WARN_UNREACHABLE_CODE = YES;
				CLANG_WARN__DUPLICATE_METHOD_MATCH = YES;
				COPY_PHASE_STRIP = NO;
				DEBUG_INFORMATION_FORMAT = "dwarf-with-dsym";
				ENABLE_NS_ASSERTIONS = NO;
				ENABLE_STRICT_OBJC_MSGSEND = YES;
				ENABLE_USER_SCRIPT_SANDBOXING = YES;
				GCC_C_LANGUAGE_STANDARD = gnu17;
				GCC_NO_COMMON_BLOCKS = YES;
				GCC_WARN_64_TO_32_BIT_CONVERSION = YES;
				GCC_WARN_ABOUT_RETURN_TYPE = YES_ERROR;
				GCC_WARN_UNDECLARED_SELECTOR = YES;
				GCC_WARN_UNINITIALIZED_AUTOS = YES_AGGRESSIVE;
				GCC_WARN_UNUSED_FUNCTION = YES;
				GCC_WARN_UNUSED_VARIABLE = YES;
				IPHONEOS_DEPLOYMENT_TARGET = 17.2;
				LOCALIZATION_PREFERS_STRING_CATALOGS = YES;
				MTL_ENABLE_DEBUG_INFO = NO;
				MTL_FAST_MATH = YES;
				SDKROOT = iphoneos;
				SWIFT_COMPILATION_MODE = wholemodule;
				VALIDATE_PRODUCT = YES;
			};
			name = Release;
		};
		A8CD57702B673EF200CC2939 /* Debug */ = {
			isa = XCBuildConfiguration;
			buildSettings = {
				ASSETCATALOG_COMPILER_APPICON_NAME = AppIcon;
				ASSETCATALOG_COMPILER_GLOBAL_ACCENT_COLOR_NAME = AccentColor;
				CODE_SIGN_STYLE = Automatic;
				CURRENT_PROJECT_VERSION = 1;
				DEVELOPMENT_TEAM = 7MJ69FU8BU;
				GENERATE_INFOPLIST_FILE = YES;
				INFOPLIST_FILE = LeakMemory/Info.plist;
				INFOPLIST_KEY_UIApplicationSupportsIndirectInputEvents = YES;
				INFOPLIST_KEY_UILaunchStoryboardName = LaunchScreen;
				INFOPLIST_KEY_UIMainStoryboardFile = Main;
				INFOPLIST_KEY_UISupportedInterfaceOrientations_iPad = "UIInterfaceOrientationPortrait UIInterfaceOrientationPortraitUpsideDown UIInterfaceOrientationLandscapeLeft UIInterfaceOrientationLandscapeRight";
				INFOPLIST_KEY_UISupportedInterfaceOrientations_iPhone = "UIInterfaceOrientationPortrait UIInterfaceOrientationLandscapeLeft UIInterfaceOrientationLandscapeRight";
				LD_RUNPATH_SEARCH_PATHS = (
					"$(inherited)",
					"@executable_path/Frameworks",
				);
				MARKETING_VERSION = 1.0;
				PRODUCT_BUNDLE_IDENTIFIER = LeakMemory.LeakMemory;
				PRODUCT_NAME = "$(TARGET_NAME)";
				SWIFT_EMIT_LOC_STRINGS = YES;
				SWIFT_VERSION = 5.0;
				TARGETED_DEVICE_FAMILY = "1,2";
			};
			name = Debug;
		};
		A8CD57712B673EF200CC2939 /* Release */ = {
			isa = XCBuildConfiguration;
			buildSettings = {
				ASSETCATALOG_COMPILER_APPICON_NAME = AppIcon;
				ASSETCATALOG_COMPILER_GLOBAL_ACCENT_COLOR_NAME = AccentColor;
				CODE_SIGN_STYLE = Automatic;
				CURRENT_PROJECT_VERSION = 1;
				DEVELOPMENT_TEAM = 7MJ69FU8BU;
				GENERATE_INFOPLIST_FILE = YES;
				INFOPLIST_FILE = LeakMemory/Info.plist;
				INFOPLIST_KEY_UIApplicationSupportsIndirectInputEvents = YES;
				INFOPLIST_KEY_UILaunchStoryboardName = LaunchScreen;
				INFOPLIST_KEY_UIMainStoryboardFile = Main;
				INFOPLIST_KEY_UISupportedInterfaceOrientations_iPad = "UIInterfaceOrientationPortrait UIInterfaceOrientationPortraitUpsideDown UIInterfaceOrientationLandscapeLeft UIInterfaceOrientationLandscapeRight";
				INFOPLIST_KEY_UISupportedInterfaceOrientations_iPhone = "UIInterfaceOrientationPortrait UIInterfaceOrientationLandscapeLeft UIInterfaceOrientationLandscapeRight";
				LD_RUNPATH_SEARCH_PATHS = (
					"$(inherited)",
					"@executable_path/Frameworks",
				);
				MARKETING_VERSION = 1.0;
				PRODUCT_BUNDLE_IDENTIFIER = LeakMemory.LeakMemory;
				PRODUCT_NAME = "$(TARGET_NAME)";
				SWIFT_EMIT_LOC_STRINGS = YES;
				SWIFT_VERSION = 5.0;
				TARGETED_DEVICE_FAMILY = "1,2";
			};
			name = Release;
		};
/* End XCBuildConfiguration section */

/* Begin XCConfigurationList section */
		A8CD57562B673EF100CC2939 /* Build configuration list for PBXProject "LeakMemory" */ = {
			isa = XCConfigurationList;
			buildConfigurations = (
				A8CD576D2B673EF200CC2939 /* Debug */,
				A8CD576E2B673EF200CC2939 /* Release */,
			);
			defaultConfigurationIsVisible = 0;
			defaultConfigurationName = Release;
		};
		A8CD576F2B673EF200CC2939 /* Build configuration list for PBXNativeTarget "LeakMemory" */ = {
			isa = XCConfigurationList;
			buildConfigurations = (
				A8CD57702B673EF200CC2939 /* Debug */,
				A8CD57712B673EF200CC2939 /* Release */,
			);
			defaultConfigurationIsVisible = 0;
			defaultConfigurationName = Release;
		};
/* End XCConfigurationList section */
	};
	rootObject = A8CD57532B673EF100CC2939 /* Project object */;
}
