// !$*UTF8*$!
{
	archiveVersion = 1;
	classes = {
	};
	objectVersion = 56;
	objects = {

/* Begin PBXBuildFile section */
		CCD2DA4A2B578FD400F111EA /* AppDelegate.swift in Sources */ = {isa = PBXBuildFile; fileRef = CCD2DA492B578FD400F111EA /* AppDelegate.swift */; };
		CCD2DA4C2B578FD400F111EA /* SceneDelegate.swift in Sources */ = {isa = PBXBuildFile; fileRef = CCD2DA4B2B578FD400F111EA /* SceneDelegate.swift */; };
		CCD2DA4E2B578FD400F111EA /* ViewController.swift in Sources */ = {isa = PBXBuildFile; fileRef = CCD2DA4D2B578FD400F111EA /* ViewController.swift */; };
		CCD2DA512B578FD400F111EA /* Main.storyboard in Resources */ = {isa = PBXBuildFile; fileRef = CCD2DA4F2B578FD400F111EA /* Main.storyboard */; };
		CCD2DA532B578FD600F111EA /* Assets.xcassets in Resources */ = {isa = PBXBuildFile; fileRef = CCD2DA522B578FD600F111EA /* Assets.xcassets */; };
		CCD2DA562B578FD600F111EA /* LaunchScreen.storyboard in Resources */ = {isa = PBXBuildFile; fileRef = CCD2DA542B578FD600F111EA /* LaunchScreen.storyboard */; };
		CCD2DA612B578FD600F111EA /* ConcurrencyProgrammingTests.swift in Sources */ = {isa = PBXBuildFile; fileRef = CCD2DA602B578FD600F111EA /* ConcurrencyProgrammingTests.swift */; };
		CCD2DA6B2B578FD600F111EA /* ConcurrencyProgrammingUITests.swift in Sources */ = {isa = PBXBuildFile; fileRef = CCD2DA6A2B578FD600F111EA /* ConcurrencyProgrammingUITests.swift */; };
		CCD2DA6D2B578FD600F111EA /* ConcurrencyProgrammingUITestsLaunchTests.swift in Sources */ = {isa = PBXBuildFile; fileRef = CCD2DA6C2B578FD600F111EA /* ConcurrencyProgrammingUITestsLaunchTests.swift */; };
/* End PBXBuildFile section */

/* Begin PBXContainerItemProxy section */
		CCD2DA5D2B578FD600F111EA /* PBXContainerItemProxy */ = {
			isa = PBXContainerItemProxy;
			containerPortal = CCD2DA3E2B578FD400F111EA /* Project object */;
			proxyType = 1;
			remoteGlobalIDString = CCD2DA452B578FD400F111EA;
			remoteInfo = ConcurrencyProgramming;
		};
		CCD2DA672B578FD600F111EA /* PBXContainerItemProxy */ = {
			isa = PBXContainerItemProxy;
			containerPortal = CCD2DA3E2B578FD400F111EA /* Project object */;
			proxyType = 1;
			remoteGlobalIDString = CCD2DA452B578FD400F111EA;
			remoteInfo = ConcurrencyProgramming;
		};
/* End PBXContainerItemProxy section */

/* Begin PBXFileReference section */
		CCD2DA462B578FD400F111EA /* ConcurrencyProgramming.app */ = {isa = PBXFileReference; explicitFileType = wrapper.application; includeInIndex = 0; path = ConcurrencyProgramming.app; sourceTree = BUILT_PRODUCTS_DIR; };
		CCD2DA492B578FD400F111EA /* AppDelegate.swift */ = {isa = PBXFileReference; lastKnownFileType = sourcecode.swift; path = AppDelegate.swift; sourceTree = "<group>"; };
		CCD2DA4B2B578FD400F111EA /* SceneDelegate.swift */ = {isa = PBXFileReference; lastKnownFileType = sourcecode.swift; path = SceneDelegate.swift; sourceTree = "<group>"; };
		CCD2DA4D2B578FD400F111EA /* ViewController.swift */ = {isa = PBXFileReference; lastKnownFileType = sourcecode.swift; path = ViewController.swift; sourceTree = "<group>"; };
		CCD2DA502B578FD400F111EA /* Base */ = {isa = PBXFileReference; lastKnownFileType = file.storyboard; name = Base; path = Base.lproj/Main.storyboard; sourceTree = "<group>"; };
		CCD2DA522B578FD600F111EA /* Assets.xcassets */ = {isa = PBXFileReference; lastKnownFileType = folder.assetcatalog; path = Assets.xcassets; sourceTree = "<group>"; };
		CCD2DA552B578FD600F111EA /* Base */ = {isa = PBXFileReference; lastKnownFileType = file.storyboard; name = Base; path = Base.lproj/LaunchScreen.storyboard; sourceTree = "<group>"; };
		CCD2DA572B578FD600F111EA /* Info.plist */ = {isa = PBXFileReference; lastKnownFileType = text.plist.xml; path = Info.plist; sourceTree = "<group>"; };
		CCD2DA5C2B578FD600F111EA /* ConcurrencyProgrammingTests.xctest */ = {isa = PBXFileReference; explicitFileType = wrapper.cfbundle; includeInIndex = 0; path = ConcurrencyProgrammingTests.xctest; sourceTree = BUILT_PRODUCTS_DIR; };
		CCD2DA602B578FD600F111EA /* ConcurrencyProgrammingTests.swift */ = {isa = PBXFileReference; lastKnownFileType = sourcecode.swift; path = ConcurrencyProgrammingTests.swift; sourceTree = "<group>"; };
		CCD2DA662B578FD600F111EA /* ConcurrencyProgrammingUITests.xctest */ = {isa = PBXFileReference; explicitFileType = wrapper.cfbundle; includeInIndex = 0; path = ConcurrencyProgrammingUITests.xctest; sourceTree = BUILT_PRODUCTS_DIR; };
		CCD2DA6A2B578FD600F111EA /* ConcurrencyProgrammingUITests.swift */ = {isa = PBXFileReference; lastKnownFileType = sourcecode.swift; path = ConcurrencyProgrammingUITests.swift; sourceTree = "<group>"; };
		CCD2DA6C2B578FD600F111EA /* ConcurrencyProgrammingUITestsLaunchTests.swift */ = {isa = PBXFileReference; lastKnownFileType = sourcecode.swift; path = ConcurrencyProgrammingUITestsLaunchTests.swift; sourceTree = "<group>"; };
/* End PBXFileReference section */

/* Begin PBXFrameworksBuildPhase section */
		CCD2DA432B578FD400F111EA /* Frameworks */ = {
			isa = PBXFrameworksBuildPhase;
			buildActionMask = 2147483647;
			files = (
			);
			runOnlyForDeploymentPostprocessing = 0;
		};
		CCD2DA592B578FD600F111EA /* Frameworks */ = {
			isa = PBXFrameworksBuildPhase;
			buildActionMask = 2147483647;
			files = (
			);
			runOnlyForDeploymentPostprocessing = 0;
		};
		CCD2DA632B578FD600F111EA /* Frameworks */ = {
			isa = PBXFrameworksBuildPhase;
			buildActionMask = 2147483647;
			files = (
			);
			runOnlyForDeploymentPostprocessing = 0;
		};
/* End PBXFrameworksBuildPhase section */

/* Begin PBXGroup section */
		CCD2DA3D2B578FD400F111EA = {
			isa = PBXGroup;
			children = (
				CCD2DA482B578FD400F111EA /* ConcurrencyProgramming */,
				CCD2DA5F2B578FD600F111EA /* ConcurrencyProgrammingTests */,
				CCD2DA692B578FD600F111EA /* ConcurrencyProgrammingUITests */,
				CCD2DA472B578FD400F111EA /* Products */,
			);
			sourceTree = "<group>";
		};
		CCD2DA472B578FD400F111EA /* Products */ = {
			isa = PBXGroup;
			children = (
				CCD2DA462B578FD400F111EA /* ConcurrencyProgramming.app */,
				CCD2DA5C2B578FD600F111EA /* ConcurrencyProgrammingTests.xctest */,
				CCD2DA662B578FD600F111EA /* ConcurrencyProgrammingUITests.xctest */,
			);
			name = Products;
			sourceTree = "<group>";
		};
		CCD2DA482B578FD400F111EA /* ConcurrencyProgramming */ = {
			isa = PBXGroup;
			children = (
				CCD2DA492B578FD400F111EA /* AppDelegate.swift */,
				CCD2DA4B2B578FD400F111EA /* SceneDelegate.swift */,
				CCD2DA4D2B578FD400F111EA /* ViewController.swift */,
				CCD2DA4F2B578FD400F111EA /* Main.storyboard */,
				CCD2DA522B578FD600F111EA /* Assets.xcassets */,
				CCD2DA542B578FD600F111EA /* LaunchScreen.storyboard */,
				CCD2DA572B578FD600F111EA /* Info.plist */,
			);
			path = ConcurrencyProgramming;
			sourceTree = "<group>";
		};
		CCD2DA5F2B578FD600F111EA /* ConcurrencyProgrammingTests */ = {
			isa = PBXGroup;
			children = (
				CCD2DA602B578FD600F111EA /* ConcurrencyProgrammingTests.swift */,
			);
			path = ConcurrencyProgrammingTests;
			sourceTree = "<group>";
		};
		CCD2DA692B578FD600F111EA /* ConcurrencyProgrammingUITests */ = {
			isa = PBXGroup;
			children = (
				CCD2DA6A2B578FD600F111EA /* ConcurrencyProgrammingUITests.swift */,
				CCD2DA6C2B578FD600F111EA /* ConcurrencyProgrammingUITestsLaunchTests.swift */,
			);
			path = ConcurrencyProgrammingUITests;
			sourceTree = "<group>";
		};
/* End PBXGroup section */

/* Begin PBXNativeTarget section */
		CCD2DA452B578FD400F111EA /* ConcurrencyProgramming */ = {
			isa = PBXNativeTarget;
			buildConfigurationList = CCD2DA702B578FD600F111EA /* Build configuration list for PBXNativeTarget "ConcurrencyProgramming" */;
			buildPhases = (
				CCD2DA422B578FD400F111EA /* Sources */,
				CCD2DA432B578FD400F111EA /* Frameworks */,
				CCD2DA442B578FD400F111EA /* Resources */,
			);
			buildRules = (
			);
			dependencies = (
			);
			name = ConcurrencyProgramming;
			productName = ConcurrencyProgramming;
			productReference = CCD2DA462B578FD400F111EA /* ConcurrencyProgramming.app */;
			productType = "com.apple.product-type.application";
		};
		CCD2DA5B2B578FD600F111EA /* ConcurrencyProgrammingTests */ = {
			isa = PBXNativeTarget;
			buildConfigurationList = CCD2DA732B578FD600F111EA /* Build configuration list for PBXNativeTarget "ConcurrencyProgrammingTests" */;
			buildPhases = (
				CCD2DA582B578FD600F111EA /* Sources */,
				CCD2DA592B578FD600F111EA /* Frameworks */,
				CCD2DA5A2B578FD600F111EA /* Resources */,
			);
			buildRules = (
			);
			dependencies = (
				CCD2DA5E2B578FD600F111EA /* PBXTargetDependency */,
			);
			name = ConcurrencyProgrammingTests;
			productName = ConcurrencyProgrammingTests;
			productReference = CCD2DA5C2B578FD600F111EA /* ConcurrencyProgrammingTests.xctest */;
			productType = "com.apple.product-type.bundle.unit-test";
		};
		CCD2DA652B578FD600F111EA /* ConcurrencyProgrammingUITests */ = {
			isa = PBXNativeTarget;
			buildConfigurationList = CCD2DA762B578FD600F111EA /* Build configuration list for PBXNativeTarget "ConcurrencyProgrammingUITests" */;
			buildPhases = (
				CCD2DA622B578FD600F111EA /* Sources */,
				CCD2DA632B578FD600F111EA /* Frameworks */,
				CCD2DA642B578FD600F111EA /* Resources */,
			);
			buildRules = (
			);
			dependencies = (
				CCD2DA682B578FD600F111EA /* PBXTargetDependency */,
			);
			name = ConcurrencyProgrammingUITests;
			productName = ConcurrencyProgrammingUITests;
			productReference = CCD2DA662B578FD600F111EA /* ConcurrencyProgrammingUITests.xctest */;
			productType = "com.apple.product-type.bundle.ui-testing";
		};
/* End PBXNativeTarget section */

/* Begin PBXProject section */
		CCD2DA3E2B578FD400F111EA /* Project object */ = {
			isa = PBXProject;
			attributes = {
				BuildIndependentTargetsInParallel = 1;
				LastSwiftUpdateCheck = 1510;
				LastUpgradeCheck = 1510;
				TargetAttributes = {
					CCD2DA452B578FD400F111EA = {
						CreatedOnToolsVersion = 15.1;
					};
					CCD2DA5B2B578FD600F111EA = {
						CreatedOnToolsVersion = 15.1;
						TestTargetID = CCD2DA452B578FD400F111EA;
					};
					CCD2DA652B578FD600F111EA = {
						CreatedOnToolsVersion = 15.1;
						TestTargetID = CCD2DA452B578FD400F111EA;
					};
				};
			};
			buildConfigurationList = CCD2DA412B578FD400F111EA /* Build configuration list for PBXProject "ConcurrencyProgramming" */;
			compatibilityVersion = "Xcode 14.0";
			developmentRegion = en;
			hasScannedForEncodings = 0;
			knownRegions = (
				en,
				Base,
			);
			mainGroup = CCD2DA3D2B578FD400F111EA;
			productRefGroup = CCD2DA472B578FD400F111EA /* Products */;
			projectDirPath = "";
			projectRoot = "";
			targets = (
				CCD2DA452B578FD400F111EA /* ConcurrencyProgramming */,
				CCD2DA5B2B578FD600F111EA /* ConcurrencyProgrammingTests */,
				CCD2DA652B578FD600F111EA /* ConcurrencyProgrammingUITests */,
			);
		};
/* End PBXProject section */

/* Begin PBXResourcesBuildPhase section */
		CCD2DA442B578FD400F111EA /* Resources */ = {
			isa = PBXResourcesBuildPhase;
			buildActionMask = 2147483647;
			files = (
				CCD2DA562B578FD600F111EA /* LaunchScreen.storyboard in Resources */,
				CCD2DA532B578FD600F111EA /* Assets.xcassets in Resources */,
				CCD2DA512B578FD400F111EA /* Main.storyboard in Resources */,
			);
			runOnlyForDeploymentPostprocessing = 0;
		};
		CCD2DA5A2B578FD600F111EA /* Resources */ = {
			isa = PBXResourcesBuildPhase;
			buildActionMask = 2147483647;
			files = (
			);
			runOnlyForDeploymentPostprocessing = 0;
		};
		CCD2DA642B578FD600F111EA /* Resources */ = {
			isa = PBXResourcesBuildPhase;
			buildActionMask = 2147483647;
			files = (
			);
			runOnlyForDeploymentPostprocessing = 0;
		};
/* End PBXResourcesBuildPhase section */

/* Begin PBXSourcesBuildPhase section */
		CCD2DA422B578FD400F111EA /* Sources */ = {
			isa = PBXSourcesBuildPhase;
			buildActionMask = 2147483647;
			files = (
				CCD2DA4E2B578FD400F111EA /* ViewController.swift in Sources */,
				CCD2DA4A2B578FD400F111EA /* AppDelegate.swift in Sources */,
				CCD2DA4C2B578FD400F111EA /* SceneDelegate.swift in Sources */,
			);
			runOnlyForDeploymentPostprocessing = 0;
		};
		CCD2DA582B578FD600F111EA /* Sources */ = {
			isa = PBXSourcesBuildPhase;
			buildActionMask = 2147483647;
			files = (
				CCD2DA612B578FD600F111EA /* ConcurrencyProgrammingTests.swift in Sources */,
			);
			runOnlyForDeploymentPostprocessing = 0;
		};
		CCD2DA622B578FD600F111EA /* Sources */ = {
			isa = PBXSourcesBuildPhase;
			buildActionMask = 2147483647;
			files = (
				CCD2DA6D2B578FD600F111EA /* ConcurrencyProgrammingUITestsLaunchTests.swift in Sources */,
				CCD2DA6B2B578FD600F111EA /* ConcurrencyProgrammingUITests.swift in Sources */,
			);
			runOnlyForDeploymentPostprocessing = 0;
		};
/* End PBXSourcesBuildPhase section */

/* Begin PBXTargetDependency section */
		CCD2DA5E2B578FD600F111EA /* PBXTargetDependency */ = {
			isa = PBXTargetDependency;
			target = CCD2DA452B578FD400F111EA /* ConcurrencyProgramming */;
			targetProxy = CCD2DA5D2B578FD600F111EA /* PBXContainerItemProxy */;
		};
		CCD2DA682B578FD600F111EA /* PBXTargetDependency */ = {
			isa = PBXTargetDependency;
			target = CCD2DA452B578FD400F111EA /* ConcurrencyProgramming */;
			targetProxy = CCD2DA672B578FD600F111EA /* PBXContainerItemProxy */;
		};
/* End PBXTargetDependency section */

/* Begin PBXVariantGroup section */
		CCD2DA4F2B578FD400F111EA /* Main.storyboard */ = {
			isa = PBXVariantGroup;
			children = (
				CCD2DA502B578FD400F111EA /* Base */,
			);
			name = Main.storyboard;
			sourceTree = "<group>";
		};
		CCD2DA542B578FD600F111EA /* LaunchScreen.storyboard */ = {
			isa = PBXVariantGroup;
			children = (
				CCD2DA552B578FD600F111EA /* Base */,
			);
			name = LaunchScreen.storyboard;
			sourceTree = "<group>";
		};
/* End PBXVariantGroup section */

/* Begin XCBuildConfiguration section */
		CCD2DA6E2B578FD600F111EA /* Debug */ = {
			isa = XCBuildConfiguration;
			buildSettings = {
				ALWAYS_SEARCH_USER_PATHS = NO;
				ASSETCATALOG_COMPILER_GENERATE_SWIFT_ASSET_SYMBOL_EXTENSIONS = YES;
				CLANG_ANALYZER_NONNULL = YES;
				CLANG_ANALYZER_NUMBER_OBJECT_CONVERSION = YES_AGGRESSIVE;
				CLANG_CXX_LANGUAGE_STANDARD = "gnu++20";
				CLANG_ENABLE_MODULES = YES;
				CLANG_ENABLE_OBJC_ARC = YES;
				CLANG_ENABLE_OBJC_WEAK = YES;
				CLANG_WARN_BLOCK_CAPTURE_AUTORELEASING = YES;
				CLANG_WARN_BOOL_CONVERSION = YES;
				CLANG_WARN_COMMA = YES;
				CLANG_WARN_CONSTANT_CONVERSION = YES;
				CLANG_WARN_DEPRECATED_OBJC_IMPLEMENTATIONS = YES;
				CLANG_WARN_DIRECT_OBJC_ISA_USAGE = YES_ERROR;
				CLANG_WARN_DOCUMENTATION_COMMENTS = YES;
				CLANG_WARN_EMPTY_BODY = YES;
				CLANG_WARN_ENUM_CONVERSION = YES;
				CLANG_WARN_INFINITE_RECURSION = YES;
				CLANG_WARN_INT_CONVERSION = YES;
				CLANG_WARN_NON_LITERAL_NULL_CONVERSION = YES;
				CLANG_WARN_OBJC_IMPLICIT_RETAIN_SELF = YES;
				CLANG_WARN_OBJC_LITERAL_CONVERSION = YES;
				CLANG_WARN_OBJC_ROOT_CLASS = YES_ERROR;
				CLANG_WARN_QUOTED_INCLUDE_IN_FRAMEWORK_HEADER = YES;
				CLANG_WARN_RANGE_LOOP_ANALYSIS = YES;
				CLANG_WARN_STRICT_PROTOTYPES = YES;
				CLANG_WARN_SUSPICIOUS_MOVE = YES;
				CLANG_WARN_UNGUARDED_AVAILABILITY = YES_AGGRESSIVE;
				CLANG_WARN_UNREACHABLE_CODE = YES;
				CLANG_WARN__DUPLICATE_METHOD_MATCH = YES;
				COPY_PHASE_STRIP = NO;
				DEBUG_INFORMATION_FORMAT = dwarf;
				ENABLE_STRICT_OBJC_MSGSEND = YES;
				ENABLE_TESTABILITY = YES;
				ENABLE_USER_SCRIPT_SANDBOXING = YES;
				GCC_C_LANGUAGE_STANDARD = gnu17;
				GCC_DYNAMIC_NO_PIC = NO;
				GCC_NO_COMMON_BLOCKS = YES;
				GCC_OPTIMIZATION_LEVEL = 0;
				GCC_PREPROCESSOR_DEFINITIONS = (
					"DEBUG=1",
					"$(inherited)",
				);
				GCC_WARN_64_TO_32_BIT_CONVERSION = YES;
				GCC_WARN_ABOUT_RETURN_TYPE = YES_ERROR;
				GCC_WARN_UNDECLARED_SELECTOR = YES;
				GCC_WARN_UNINITIALIZED_AUTOS = YES_AGGRESSIVE;
				GCC_WARN_UNUSED_FUNCTION = YES;
				GCC_WARN_UNUSED_VARIABLE = YES;
				IPHONEOS_DEPLOYMENT_TARGET = 17.2;
				LOCALIZATION_PREFERS_STRING_CATALOGS = YES;
				MTL_ENABLE_DEBUG_INFO = INCLUDE_SOURCE;
				MTL_FAST_MATH = YES;
				ONLY_ACTIVE_ARCH = YES;
				SDKROOT = iphoneos;
				SWIFT_ACTIVE_COMPILATION_CONDITIONS = "DEBUG $(inherited)";
				SWIFT_OPTIMIZATION_LEVEL = "-Onone";
			};
			name = Debug;
		};
		CCD2DA6F2B578FD600F111EA /* Release */ = {
			isa = XCBuildConfiguration;
			buildSettings = {
				ALWAYS_SEARCH_USER_PATHS = NO;
				ASSETCATALOG_COMPILER_GENERATE_SWIFT_ASSET_SYMBOL_EXTENSIONS = YES;
				CLANG_ANALYZER_NONNULL = YES;
				CLANG_ANALYZER_NUMBER_OBJECT_CONVERSION = YES_AGGRESSIVE;
				CLANG_CXX_LANGUAGE_STANDARD = "gnu++20";
				CLANG_ENABLE_MODULES = YES;
				CLANG_ENABLE_OBJC_ARC = YES;
				CLANG_ENABLE_OBJC_WEAK = YES;
				CLANG_WARN_BLOCK_CAPTURE_AUTORELEASING = YES;
				CLANG_WARN_BOOL_CONVERSION = YES;
				CLANG_WARN_COMMA = YES;
				CLANG_WARN_CONSTANT_CONVERSION = YES;
				CLANG_WARN_DEPRECATED_OBJC_IMPLEMENTATIONS = YES;
				CLANG_WARN_DIRECT_OBJC_ISA_USAGE = YES_ERROR;
				CLANG_WARN_DOCUMENTATION_COMMENTS = YES;
				CLANG_WARN_EMPTY_BODY = YES;
				CLANG_WARN_ENUM_CONVERSION = YES;
				CLANG_WARN_INFINITE_RECURSION = YES;
				CLANG_WARN_INT_CONVERSION = YES;
				CLANG_WARN_NON_LITERAL_NULL_CONVERSION = YES;
				CLANG_WARN_OBJC_IMPLICIT_RETAIN_SELF = YES;
				CLANG_WARN_OBJC_LITERAL_CONVERSION = YES;
				CLANG_WARN_OBJC_ROOT_CLASS = YES_ERROR;
				CLANG_WARN_QUOTED_INCLUDE_IN_FRAMEWORK_HEADER = YES;
				CLANG_WARN_RANGE_LOOP_ANALYSIS = YES;
				CLANG_WARN_STRICT_PROTOTYPES = YES;
				CLANG_WARN_SUSPICIOUS_MOVE = YES;
				CLANG_WARN_UNGUARDED_AVAILABILITY = YES_AGGRESSIVE;
				CLANG_WARN_UNREACHABLE_CODE = YES;
				CLANG_WARN__DUPLICATE_METHOD_MATCH = YES;
				COPY_PHASE_STRIP = NO;
				DEBUG_INFORMATION_FORMAT = "dwarf-with-dsym";
				ENABLE_NS_ASSERTIONS = NO;
				ENABLE_STRICT_OBJC_MSGSEND = YES;
				ENABLE_USER_SCRIPT_SANDBOXING = YES;
				GCC_C_LANGUAGE_STANDARD = gnu17;
				GCC_NO_COMMON_BLOCKS = YES;
				GCC_WARN_64_TO_32_BIT_CONVERSION = YES;
				GCC_WARN_ABOUT_RETURN_TYPE = YES_ERROR;
				GCC_WARN_UNDECLARED_SELECTOR = YES;
				GCC_WARN_UNINITIALIZED_AUTOS = YES_AGGRESSIVE;
				GCC_WARN_UNUSED_FUNCTION = YES;
				GCC_WARN_UNUSED_VARIABLE = YES;
				IPHONEOS_DEPLOYMENT_TARGET = 17.2;
				LOCALIZATION_PREFERS_STRING_CATALOGS = YES;
				MTL_ENABLE_DEBUG_INFO = NO;
				MTL_FAST_MATH = YES;
				SDKROOT = iphoneos;
				SWIFT_COMPILATION_MODE = wholemodule;
				VALIDATE_PRODUCT = YES;
			};
			name = Release;
		};
		CCD2DA712B578FD600F111EA /* Debug */ = {
			isa = XCBuildConfiguration;
			buildSettings = {
				ASSETCATALOG_COMPILER_APPICON_NAME = AppIcon;
				ASSETCATALOG_COMPILER_GLOBAL_ACCENT_COLOR_NAME = AccentColor;
				CODE_SIGN_STYLE = Automatic;
				CURRENT_PROJECT_VERSION = 1;
				DEVELOPMENT_TEAM = HGC446G538;
				GENERATE_INFOPLIST_FILE = YES;
				INFOPLIST_FILE = ConcurrencyProgramming/Info.plist;
				INFOPLIST_KEY_UIApplicationSupportsIndirectInputEvents = YES;
				INFOPLIST_KEY_UILaunchStoryboardName = LaunchScreen;
				INFOPLIST_KEY_UIMainStoryboardFile = Main;
				INFOPLIST_KEY_UISupportedInterfaceOrientations_iPad = "UIInterfaceOrientationPortrait UIInterfaceOrientationPortraitUpsideDown UIInterfaceOrientationLandscapeLeft UIInterfaceOrientationLandscapeRight";
				INFOPLIST_KEY_UISupportedInterfaceOrientations_iPhone = "UIInterfaceOrientationPortrait UIInterfaceOrientationLandscapeLeft UIInterfaceOrientationLandscapeRight";
				LD_RUNPATH_SEARCH_PATHS = (
					"$(inherited)",
					"@executable_path/Frameworks",
				);
				MARKETING_VERSION = 1.0;
				PRODUCT_BUNDLE_IDENTIFIER = roh.ConcurrencyProgramming;
				PRODUCT_NAME = "$(TARGET_NAME)";
				SWIFT_EMIT_LOC_STRINGS = YES;
				SWIFT_VERSION = 5.0;
				TARGETED_DEVICE_FAMILY = "1,2";
			};
			name = Debug;
		};
		CCD2DA722B578FD600F111EA /* Release */ = {
			isa = XCBuildConfiguration;
			buildSettings = {
				ASSETCATALOG_COMPILER_APPICON_NAME = AppIcon;
				ASSETCATALOG_COMPILER_GLOBAL_ACCENT_COLOR_NAME = AccentColor;
				CODE_SIGN_STYLE = Automatic;
				CURRENT_PROJECT_VERSION = 1;
				DEVELOPMENT_TEAM = HGC446G538;
				GENERATE_INFOPLIST_FILE = YES;
				INFOPLIST_FILE = ConcurrencyProgramming/Info.plist;
				INFOPLIST_KEY_UIApplicationSupportsIndirectInputEvents = YES;
				INFOPLIST_KEY_UILaunchStoryboardName = LaunchScreen;
				INFOPLIST_KEY_UIMainStoryboardFile = Main;
				INFOPLIST_KEY_UISupportedInterfaceOrientations_iPad = "UIInterfaceOrientationPortrait UIInterfaceOrientationPortraitUpsideDown UIInterfaceOrientationLandscapeLeft UIInterfaceOrientationLandscapeRight";
				INFOPLIST_KEY_UISupportedInterfaceOrientations_iPhone = "UIInterfaceOrientationPortrait UIInterfaceOrientationLandscapeLeft UIInterfaceOrientationLandscapeRight";
				LD_RUNPATH_SEARCH_PATHS = (
					"$(inherited)",
					"@executable_path/Frameworks",
				);
				MARKETING_VERSION = 1.0;
				PRODUCT_BUNDLE_IDENTIFIER = roh.ConcurrencyProgramming;
				PRODUCT_NAME = "$(TARGET_NAME)";
				SWIFT_EMIT_LOC_STRINGS = YES;
				SWIFT_VERSION = 5.0;
				TARGETED_DEVICE_FAMILY = "1,2";
			};
			name = Release;
		};
		CCD2DA742B578FD600F111EA /* Debug */ = {
			isa = XCBuildConfiguration;
			buildSettings = {
				ALWAYS_EMBED_SWIFT_STANDARD_LIBRARIES = YES;
				BUNDLE_LOADER = "$(TEST_HOST)";
				CODE_SIGN_STYLE = Automatic;
				CURRENT_PROJECT_VERSION = 1;
				DEVELOPMENT_TEAM = HGC446G538;
				GENERATE_INFOPLIST_FILE = YES;
				IPHONEOS_DEPLOYMENT_TARGET = 17.2;
				MARKETING_VERSION = 1.0;
				PRODUCT_BUNDLE_IDENTIFIER = roh.ConcurrencyProgrammingTests;
				PRODUCT_NAME = "$(TARGET_NAME)";
				SWIFT_EMIT_LOC_STRINGS = NO;
				SWIFT_VERSION = 5.0;
				TARGETED_DEVICE_FAMILY = "1,2";
				TEST_HOST = "$(BUILT_PRODUCTS_DIR)/ConcurrencyProgramming.app/$(BUNDLE_EXECUTABLE_FOLDER_PATH)/ConcurrencyProgramming";
			};
			name = Debug;
		};
		CCD2DA752B578FD600F111EA /* Release */ = {
			isa = XCBuildConfiguration;
			buildSettings = {
				ALWAYS_EMBED_SWIFT_STANDARD_LIBRARIES = YES;
				BUNDLE_LOADER = "$(TEST_HOST)";
				CODE_SIGN_STYLE = Automatic;
				CURRENT_PROJECT_VERSION = 1;
				DEVELOPMENT_TEAM = HGC446G538;
				GENERATE_INFOPLIST_FILE = YES;
				IPHONEOS_DEPLOYMENT_TARGET = 17.2;
				MARKETING_VERSION = 1.0;
				PRODUCT_BUNDLE_IDENTIFIER = roh.ConcurrencyProgrammingTests;
				PRODUCT_NAME = "$(TARGET_NAME)";
				SWIFT_EMIT_LOC_STRINGS = NO;
				SWIFT_VERSION = 5.0;
				TARGETED_DEVICE_FAMILY = "1,2";
				TEST_HOST = "$(BUILT_PRODUCTS_DIR)/ConcurrencyProgramming.app/$(BUNDLE_EXECUTABLE_FOLDER_PATH)/ConcurrencyProgramming";
			};
			name = Release;
		};
		CCD2DA772B578FD600F111EA /* Debug */ = {
			isa = XCBuildConfiguration;
			buildSettings = {
				ALWAYS_EMBED_SWIFT_STANDARD_LIBRARIES = YES;
				CODE_SIGN_STYLE = Automatic;
				CURRENT_PROJECT_VERSION = 1;
				DEVELOPMENT_TEAM = HGC446G538;
				GENERATE_INFOPLIST_FILE = YES;
				MARKETING_VERSION = 1.0;
				PRODUCT_BUNDLE_IDENTIFIER = roh.ConcurrencyProgrammingUITests;
				PRODUCT_NAME = "$(TARGET_NAME)";
				SWIFT_EMIT_LOC_STRINGS = NO;
				SWIFT_VERSION = 5.0;
				TARGETED_DEVICE_FAMILY = "1,2";
				TEST_TARGET_NAME = ConcurrencyProgramming;
			};
			name = Debug;
		};
		CCD2DA782B578FD600F111EA /* Release */ = {
			isa = XCBuildConfiguration;
			buildSettings = {
				ALWAYS_EMBED_SWIFT_STANDARD_LIBRARIES = YES;
				CODE_SIGN_STYLE = Automatic;
				CURRENT_PROJECT_VERSION = 1;
				DEVELOPMENT_TEAM = HGC446G538;
				GENERATE_INFOPLIST_FILE = YES;
				MARKETING_VERSION = 1.0;
				PRODUCT_BUNDLE_IDENTIFIER = roh.ConcurrencyProgrammingUITests;
				PRODUCT_NAME = "$(TARGET_NAME)";
				SWIFT_EMIT_LOC_STRINGS = NO;
				SWIFT_VERSION = 5.0;
				TARGETED_DEVICE_FAMILY = "1,2";
				TEST_TARGET_NAME = ConcurrencyProgramming;
			};
			name = Release;
		};
/* End XCBuildConfiguration section */

/* Begin XCConfigurationList section */
		CCD2DA412B578FD400F111EA /* Build configuration list for PBXProject "ConcurrencyProgramming" */ = {
			isa = XCConfigurationList;
			buildConfigurations = (
				CCD2DA6E2B578FD600F111EA /* Debug */,
				CCD2DA6F2B578FD600F111EA /* Release */,
			);
			defaultConfigurationIsVisible = 0;
			defaultConfigurationName = Release;
		};
		CCD2DA702B578FD600F111EA /* Build configuration list for PBXNativeTarget "ConcurrencyProgramming" */ = {
			isa = XCConfigurationList;
			buildConfigurations = (
				CCD2DA712B578FD600F111EA /* Debug */,
				CCD2DA722B578FD600F111EA /* Release */,
			);
			defaultConfigurationIsVisible = 0;
			defaultConfigurationName = Release;
		};
		CCD2DA732B578FD600F111EA /* Build configuration list for PBXNativeTarget "ConcurrencyProgrammingTests" */ = {
			isa = XCConfigurationList;
			buildConfigurations = (
				CCD2DA742B578FD600F111EA /* Debug */,
				CCD2DA752B578FD600F111EA /* Release */,
			);
			defaultConfigurationIsVisible = 0;
			defaultConfigurationName = Release;
		};
		CCD2DA762B578FD600F111EA /* Build configuration list for PBXNativeTarget "ConcurrencyProgrammingUITests" */ = {
			isa = XCConfigurationList;
			buildConfigurations = (
				CCD2DA772B578FD600F111EA /* Debug */,
				CCD2DA782B578FD600F111EA /* Release */,
			);
			defaultConfigurationIsVisible = 0;
			defaultConfigurationName = Release;
		};
/* End XCConfigurationList section */
	};
	rootObject = CCD2DA3E2B578FD400F111EA /* Project object */;
}
