// !$*UTF8*$!
{
	archiveVersion = 1;
	classes = {
	};
	objectVersion = 56;
	objects = {

/* Begin PBXBuildFile section */
		CCDEC3572B82E85C00F7566D /* AppDelegate.swift in Sources */ = {isa = PBXBuildFile; fileRef = CCDEC3562B82E85C00F7566D /* AppDelegate.swift */; };
		CCDEC3592B82E85C00F7566D /* SceneDelegate.swift in Sources */ = {isa = PBXBuildFile; fileRef = CCDEC3582B82E85C00F7566D /* SceneDelegate.swift */; };
		CCDEC35B2B82E85C00F7566D /* ViewController.swift in Sources */ = {isa = PBXBuildFile; fileRef = CCDEC35A2B82E85C00F7566D /* ViewController.swift */; };
		CCDEC35E2B82E85C00F7566D /* Main.storyboard in Resources */ = {isa = PBXBuildFile; fileRef = CCDEC35C2B82E85C00F7566D /* Main.storyboard */; };
		CCDEC3602B82E85D00F7566D /* Assets.xcassets in Resources */ = {isa = PBXBuildFile; fileRef = CCDEC35F2B82E85D00F7566D /* Assets.xcassets */; };
		CCDEC3632B82E85D00F7566D /* LaunchScreen.storyboard in Resources */ = {isa = PBXBuildFile; fileRef = CCDEC3612B82E85D00F7566D /* LaunchScreen.storyboard */; };
		CCDEC3882B82E8A200F7566D /* Model.xcdatamodeld in Sources */ = {isa = PBXBuildFile; fileRef = CCDEC3862B82E8A200F7566D /* Model.xcdatamodeld */; };
		CCDEC38B2B82EADB00F7566D /* Users+CoreDataClass.swift in Sources */ = {isa = PBXBuildFile; fileRef = CCDEC3892B82EADB00F7566D /* Users+CoreDataClass.swift */; };
		CCDEC38C2B82EADB00F7566D /* Users+CoreDataProperties.swift in Sources */ = {isa = PBXBuildFile; fileRef = CCDEC38A2B82EADB00F7566D /* Users+CoreDataProperties.swift */; };
		CCDEC38E2B82EEF600F7566D /* CoreDataManager.swift in Sources */ = {isa = PBXBuildFile; fileRef = CCDEC38D2B82EEF600F7566D /* CoreDataManager.swift */; };
/* End PBXBuildFile section */

/* Begin PBXContainerItemProxy section */
		CCDEC36A2B82E85D00F7566D /* PBXContainerItemProxy */ = {
			isa = PBXContainerItemProxy;
			containerPortal = CCDEC34B2B82E85C00F7566D /* Project object */;
			proxyType = 1;
			remoteGlobalIDString = CCDEC3522B82E85C00F7566D;
			remoteInfo = CoreData_0219;
		};
		CCDEC3742B82E85D00F7566D /* PBXContainerItemProxy */ = {
			isa = PBXContainerItemProxy;
			containerPortal = CCDEC34B2B82E85C00F7566D /* Project object */;
			proxyType = 1;
			remoteGlobalIDString = CCDEC3522B82E85C00F7566D;
			remoteInfo = CoreData_0219;
		};
/* End PBXContainerItemProxy section */

/* Begin PBXFileReference section */
		CCDEC3532B82E85C00F7566D /* CoreData_0219.app */ = {isa = PBXFileReference; explicitFileType = wrapper.application; includeInIndex = 0; path = CoreData_0219.app; sourceTree = BUILT_PRODUCTS_DIR; };
		CCDEC3562B82E85C00F7566D /* AppDelegate.swift */ = {isa = PBXFileReference; lastKnownFileType = sourcecode.swift; path = AppDelegate.swift; sourceTree = "<group>"; };
		CCDEC3582B82E85C00F7566D /* SceneDelegate.swift */ = {isa = PBXFileReference; lastKnownFileType = sourcecode.swift; path = SceneDelegate.swift; sourceTree = "<group>"; };
		CCDEC35A2B82E85C00F7566D /* ViewController.swift */ = {isa = PBXFileReference; lastKnownFileType = sourcecode.swift; path = ViewController.swift; sourceTree = "<group>"; };
		CCDEC35D2B82E85C00F7566D /* Base */ = {isa = PBXFileReference; lastKnownFileType = file.storyboard; name = Base; path = Base.lproj/Main.storyboard; sourceTree = "<group>"; };
		CCDEC35F2B82E85D00F7566D /* Assets.xcassets */ = {isa = PBXFileReference; lastKnownFileType = folder.assetcatalog; path = Assets.xcassets; sourceTree = "<group>"; };
		CCDEC3622B82E85D00F7566D /* Base */ = {isa = PBXFileReference; lastKnownFileType = file.storyboard; name = Base; path = Base.lproj/LaunchScreen.storyboard; sourceTree = "<group>"; };
		CCDEC3642B82E85D00F7566D /* Info.plist */ = {isa = PBXFileReference; lastKnownFileType = text.plist.xml; path = Info.plist; sourceTree = "<group>"; };
		CCDEC3692B82E85D00F7566D /* CoreData_0219Tests.xctest */ = {isa = PBXFileReference; explicitFileType = wrapper.cfbundle; includeInIndex = 0; path = CoreData_0219Tests.xctest; sourceTree = BUILT_PRODUCTS_DIR; };
		CCDEC3732B82E85D00F7566D /* CoreData_0219UITests.xctest */ = {isa = PBXFileReference; explicitFileType = wrapper.cfbundle; includeInIndex = 0; path = CoreData_0219UITests.xctest; sourceTree = BUILT_PRODUCTS_DIR; };
		CCDEC3872B82E8A200F7566D /* Model.xcdatamodel */ = {isa = PBXFileReference; lastKnownFileType = wrapper.xcdatamodel; path = Model.xcdatamodel; sourceTree = "<group>"; };
		CCDEC3892B82EADB00F7566D /* Users+CoreDataClass.swift */ = {isa = PBXFileReference; lastKnownFileType = sourcecode.swift; path = "Users+CoreDataClass.swift"; sourceTree = "<group>"; };
		CCDEC38A2B82EADB00F7566D /* Users+CoreDataProperties.swift */ = {isa = PBXFileReference; lastKnownFileType = sourcecode.swift; path = "Users+CoreDataProperties.swift"; sourceTree = "<group>"; };
		CCDEC38D2B82EEF600F7566D /* CoreDataManager.swift */ = {isa = PBXFileReference; lastKnownFileType = sourcecode.swift; path = CoreDataManager.swift; sourceTree = "<group>"; };
/* End PBXFileReference section */

/* Begin PBXFrameworksBuildPhase section */
		CCDEC3502B82E85C00F7566D /* Frameworks */ = {
			isa = PBXFrameworksBuildPhase;
			buildActionMask = 2147483647;
			files = (
			);
			runOnlyForDeploymentPostprocessing = 0;
		};
		CCDEC3662B82E85D00F7566D /* Frameworks */ = {
			isa = PBXFrameworksBuildPhase;
			buildActionMask = 2147483647;
			files = (
			);
			runOnlyForDeploymentPostprocessing = 0;
		};
		CCDEC3702B82E85D00F7566D /* Frameworks */ = {
			isa = PBXFrameworksBuildPhase;
			buildActionMask = 2147483647;
			files = (
			);
			runOnlyForDeploymentPostprocessing = 0;
		};
/* End PBXFrameworksBuildPhase section */

/* Begin PBXGroup section */
		CCDEC34A2B82E85C00F7566D = {
			isa = PBXGroup;
			children = (
				CCDEC3892B82EADB00F7566D /* Users+CoreDataClass.swift */,
				CCDEC38A2B82EADB00F7566D /* Users+CoreDataProperties.swift */,
				CCDEC3552B82E85C00F7566D /* CoreData_0219 */,
				CCDEC3542B82E85C00F7566D /* Products */,
			);
			sourceTree = "<group>";
		};
		CCDEC3542B82E85C00F7566D /* Products */ = {
			isa = PBXGroup;
			children = (
				CCDEC3532B82E85C00F7566D /* CoreData_0219.app */,
				CCDEC3692B82E85D00F7566D /* CoreData_0219Tests.xctest */,
				CCDEC3732B82E85D00F7566D /* CoreData_0219UITests.xctest */,
			);
			name = Products;
			sourceTree = "<group>";
		};
		CCDEC3552B82E85C00F7566D /* CoreData_0219 */ = {
			isa = PBXGroup;
			children = (
				CCDEC3562B82E85C00F7566D /* AppDelegate.swift */,
				CCDEC38D2B82EEF600F7566D /* CoreDataManager.swift */,
				CCDEC3582B82E85C00F7566D /* SceneDelegate.swift */,
				CCDEC3862B82E8A200F7566D /* Model.xcdatamodeld */,
				CCDEC35A2B82E85C00F7566D /* ViewController.swift */,
				CCDEC35C2B82E85C00F7566D /* Main.storyboard */,
				CCDEC35F2B82E85D00F7566D /* Assets.xcassets */,
				CCDEC3612B82E85D00F7566D /* LaunchScreen.storyboard */,
				CCDEC3642B82E85D00F7566D /* Info.plist */,
			);
			path = CoreData_0219;
			sourceTree = "<group>";
		};
/* End PBXGroup section */

/* Begin PBXNativeTarget section */
		CCDEC3522B82E85C00F7566D /* CoreData_0219 */ = {
			isa = PBXNativeTarget;
			buildConfigurationList = CCDEC37D2B82E85D00F7566D /* Build configuration list for PBXNativeTarget "CoreData_0219" */;
			buildPhases = (
				CCDEC34F2B82E85C00F7566D /* Sources */,
				CCDEC3502B82E85C00F7566D /* Frameworks */,
				CCDEC3512B82E85C00F7566D /* Resources */,
			);
			buildRules = (
			);
			dependencies = (
			);
			name = CoreData_0219;
			productName = CoreData_0219;
			productReference = CCDEC3532B82E85C00F7566D /* CoreData_0219.app */;
			productType = "com.apple.product-type.application";
		};
		CCDEC3682B82E85D00F7566D /* CoreData_0219Tests */ = {
			isa = PBXNativeTarget;
			buildConfigurationList = CCDEC3802B82E85D00F7566D /* Build configuration list for PBXNativeTarget "CoreData_0219Tests" */;
			buildPhases = (
				CCDEC3652B82E85D00F7566D /* Sources */,
				CCDEC3662B82E85D00F7566D /* Frameworks */,
				CCDEC3672B82E85D00F7566D /* Resources */,
			);
			buildRules = (
			);
			dependencies = (
				CCDEC36B2B82E85D00F7566D /* PBXTargetDependency */,
			);
			name = CoreData_0219Tests;
			productName = CoreData_0219Tests;
			productReference = CCDEC3692B82E85D00F7566D /* CoreData_0219Tests.xctest */;
			productType = "com.apple.product-type.bundle.unit-test";
		};
		CCDEC3722B82E85D00F7566D /* CoreData_0219UITests */ = {
			isa = PBXNativeTarget;
			buildConfigurationList = CCDEC3832B82E85D00F7566D /* Build configuration list for PBXNativeTarget "CoreData_0219UITests" */;
			buildPhases = (
				CCDEC36F2B82E85D00F7566D /* Sources */,
				CCDEC3702B82E85D00F7566D /* Frameworks */,
				CCDEC3712B82E85D00F7566D /* Resources */,
			);
			buildRules = (
			);
			dependencies = (
				CCDEC3752B82E85D00F7566D /* PBXTargetDependency */,
			);
			name = CoreData_0219UITests;
			productName = CoreData_0219UITests;
			productReference = CCDEC3732B82E85D00F7566D /* CoreData_0219UITests.xctest */;
			productType = "com.apple.product-type.bundle.ui-testing";
		};
/* End PBXNativeTarget section */

/* Begin PBXProject section */
		CCDEC34B2B82E85C00F7566D /* Project object */ = {
			isa = PBXProject;
			attributes = {
				BuildIndependentTargetsInParallel = 1;
				LastSwiftUpdateCheck = 1510;
				LastUpgradeCheck = 1510;
				TargetAttributes = {
					CCDEC3522B82E85C00F7566D = {
						CreatedOnToolsVersion = 15.1;
					};
					CCDEC3682B82E85D00F7566D = {
						CreatedOnToolsVersion = 15.1;
						TestTargetID = CCDEC3522B82E85C00F7566D;
					};
					CCDEC3722B82E85D00F7566D = {
						CreatedOnToolsVersion = 15.1;
						TestTargetID = CCDEC3522B82E85C00F7566D;
					};
				};
			};
			buildConfigurationList = CCDEC34E2B82E85C00F7566D /* Build configuration list for PBXProject "CoreData_0219" */;
			compatibilityVersion = "Xcode 14.0";
			developmentRegion = en;
			hasScannedForEncodings = 0;
			knownRegions = (
				en,
				Base,
			);
			mainGroup = CCDEC34A2B82E85C00F7566D;
			productRefGroup = CCDEC3542B82E85C00F7566D /* Products */;
			projectDirPath = "";
			projectRoot = "";
			targets = (
				CCDEC3522B82E85C00F7566D /* CoreData_0219 */,
				CCDEC3682B82E85D00F7566D /* CoreData_0219Tests */,
				CCDEC3722B82E85D00F7566D /* CoreData_0219UITests */,
			);
		};
/* End PBXProject section */

/* Begin PBXResourcesBuildPhase section */
		CCDEC3512B82E85C00F7566D /* Resources */ = {
			isa = PBXResourcesBuildPhase;
			buildActionMask = 2147483647;
			files = (
				CCDEC3632B82E85D00F7566D /* LaunchScreen.storyboard in Resources */,
				CCDEC3602B82E85D00F7566D /* Assets.xcassets in Resources */,
				CCDEC35E2B82E85C00F7566D /* Main.storyboard in Resources */,
			);
			runOnlyForDeploymentPostprocessing = 0;
		};
		CCDEC3672B82E85D00F7566D /* Resources */ = {
			isa = PBXResourcesBuildPhase;
			buildActionMask = 2147483647;
			files = (
			);
			runOnlyForDeploymentPostprocessing = 0;
		};
		CCDEC3712B82E85D00F7566D /* Resources */ = {
			isa = PBXResourcesBuildPhase;
			buildActionMask = 2147483647;
			files = (
			);
			runOnlyForDeploymentPostprocessing = 0;
		};
/* End PBXResourcesBuildPhase section */

/* Begin PBXSourcesBuildPhase section */
		CCDEC34F2B82E85C00F7566D /* Sources */ = {
			isa = PBXSourcesBuildPhase;
			buildActionMask = 2147483647;
			files = (
				CCDEC35B2B82E85C00F7566D /* ViewController.swift in Sources */,
				CCDEC3572B82E85C00F7566D /* AppDelegate.swift in Sources */,
				CCDEC3592B82E85C00F7566D /* SceneDelegate.swift in Sources */,
				CCDEC38B2B82EADB00F7566D /* Users+CoreDataClass.swift in Sources */,
				CCDEC38C2B82EADB00F7566D /* Users+CoreDataProperties.swift in Sources */,
				CCDEC38E2B82EEF600F7566D /* CoreDataManager.swift in Sources */,
				CCDEC3882B82E8A200F7566D /* Model.xcdatamodeld in Sources */,
			);
			runOnlyForDeploymentPostprocessing = 0;
		};
		CCDEC3652B82E85D00F7566D /* Sources */ = {
			isa = PBXSourcesBuildPhase;
			buildActionMask = 2147483647;
			files = (
			);
			runOnlyForDeploymentPostprocessing = 0;
		};
		CCDEC36F2B82E85D00F7566D /* Sources */ = {
			isa = PBXSourcesBuildPhase;
			buildActionMask = 2147483647;
			files = (
			);
			runOnlyForDeploymentPostprocessing = 0;
		};
/* End PBXSourcesBuildPhase section */

/* Begin PBXTargetDependency section */
		CCDEC36B2B82E85D00F7566D /* PBXTargetDependency */ = {
			isa = PBXTargetDependency;
			target = CCDEC3522B82E85C00F7566D /* CoreData_0219 */;
			targetProxy = CCDEC36A2B82E85D00F7566D /* PBXContainerItemProxy */;
		};
		CCDEC3752B82E85D00F7566D /* PBXTargetDependency */ = {
			isa = PBXTargetDependency;
			target = CCDEC3522B82E85C00F7566D /* CoreData_0219 */;
			targetProxy = CCDEC3742B82E85D00F7566D /* PBXContainerItemProxy */;
		};
/* End PBXTargetDependency section */

/* Begin PBXVariantGroup section */
		CCDEC35C2B82E85C00F7566D /* Main.storyboard */ = {
			isa = PBXVariantGroup;
			children = (
				CCDEC35D2B82E85C00F7566D /* Base */,
			);
			name = Main.storyboard;
			sourceTree = "<group>";
		};
		CCDEC3612B82E85D00F7566D /* LaunchScreen.storyboard */ = {
			isa = PBXVariantGroup;
			children = (
				CCDEC3622B82E85D00F7566D /* Base */,
			);
			name = LaunchScreen.storyboard;
			sourceTree = "<group>";
		};
/* End PBXVariantGroup section */

/* Begin XCBuildConfiguration section */
		CCDEC37B2B82E85D00F7566D /* Debug */ = {
			isa = XCBuildConfiguration;
			buildSettings = {
				ALWAYS_SEARCH_USER_PATHS = NO;
				ASSETCATALOG_COMPILER_GENERATE_SWIFT_ASSET_SYMBOL_EXTENSIONS = YES;
				CLANG_ANALYZER_NONNULL = YES;
				CLANG_ANALYZER_NUMBER_OBJECT_CONVERSION = YES_AGGRESSIVE;
				CLANG_CXX_LANGUAGE_STANDARD = "gnu++20";
				CLANG_ENABLE_MODULES = YES;
				CLANG_ENABLE_OBJC_ARC = YES;
				CLANG_ENABLE_OBJC_WEAK = YES;
				CLANG_WARN_BLOCK_CAPTURE_AUTORELEASING = YES;
				CLANG_WARN_BOOL_CONVERSION = YES;
				CLANG_WARN_COMMA = YES;
				CLANG_WARN_CONSTANT_CONVERSION = YES;
				CLANG_WARN_DEPRECATED_OBJC_IMPLEMENTATIONS = YES;
				CLANG_WARN_DIRECT_OBJC_ISA_USAGE = YES_ERROR;
				CLANG_WARN_DOCUMENTATION_COMMENTS = YES;
				CLANG_WARN_EMPTY_BODY = YES;
				CLANG_WARN_ENUM_CONVERSION = YES;
				CLANG_WARN_INFINITE_RECURSION = YES;
				CLANG_WARN_INT_CONVERSION = YES;
				CLANG_WARN_NON_LITERAL_NULL_CONVERSION = YES;
				CLANG_WARN_OBJC_IMPLICIT_RETAIN_SELF = YES;
				CLANG_WARN_OBJC_LITERAL_CONVERSION = YES;
				CLANG_WARN_OBJC_ROOT_CLASS = YES_ERROR;
				CLANG_WARN_QUOTED_INCLUDE_IN_FRAMEWORK_HEADER = YES;
				CLANG_WARN_RANGE_LOOP_ANALYSIS = YES;
				CLANG_WARN_STRICT_PROTOTYPES = YES;
				CLANG_WARN_SUSPICIOUS_MOVE = YES;
				CLANG_WARN_UNGUARDED_AVAILABILITY = YES_AGGRESSIVE;
				CLANG_WARN_UNREACHABLE_CODE = YES;
				CLANG_WARN__DUPLICATE_METHOD_MATCH = YES;
				COPY_PHASE_STRIP = NO;
				DEBUG_INFORMATION_FORMAT = dwarf;
				ENABLE_STRICT_OBJC_MSGSEND = YES;
				ENABLE_TESTABILITY = YES;
				ENABLE_USER_SCRIPT_SANDBOXING = YES;
				GCC_C_LANGUAGE_STANDARD = gnu17;
				GCC_DYNAMIC_NO_PIC = NO;
				GCC_NO_COMMON_BLOCKS = YES;
				GCC_OPTIMIZATION_LEVEL = 0;
				GCC_PREPROCESSOR_DEFINITIONS = (
					"DEBUG=1",
					"$(inherited)",
				);
				GCC_WARN_64_TO_32_BIT_CONVERSION = YES;
				GCC_WARN_ABOUT_RETURN_TYPE = YES_ERROR;
				GCC_WARN_UNDECLARED_SELECTOR = YES;
				GCC_WARN_UNINITIALIZED_AUTOS = YES_AGGRESSIVE;
				GCC_WARN_UNUSED_FUNCTION = YES;
				GCC_WARN_UNUSED_VARIABLE = YES;
				IPHONEOS_DEPLOYMENT_TARGET = 17.2;
				LOCALIZATION_PREFERS_STRING_CATALOGS = YES;
				MTL_ENABLE_DEBUG_INFO = INCLUDE_SOURCE;
				MTL_FAST_MATH = YES;
				ONLY_ACTIVE_ARCH = YES;
				SDKROOT = iphoneos;
				SWIFT_ACTIVE_COMPILATION_CONDITIONS = "DEBUG $(inherited)";
				SWIFT_OPTIMIZATION_LEVEL = "-Onone";
			};
			name = Debug;
		};
		CCDEC37C2B82E85D00F7566D /* Release */ = {
			isa = XCBuildConfiguration;
			buildSettings = {
				ALWAYS_SEARCH_USER_PATHS = NO;
				ASSETCATALOG_COMPILER_GENERATE_SWIFT_ASSET_SYMBOL_EXTENSIONS = YES;
				CLANG_ANALYZER_NONNULL = YES;
				CLANG_ANALYZER_NUMBER_OBJECT_CONVERSION = YES_AGGRESSIVE;
				CLANG_CXX_LANGUAGE_STANDARD = "gnu++20";
				CLANG_ENABLE_MODULES = YES;
				CLANG_ENABLE_OBJC_ARC = YES;
				CLANG_ENABLE_OBJC_WEAK = YES;
				CLANG_WARN_BLOCK_CAPTURE_AUTORELEASING = YES;
				CLANG_WARN_BOOL_CONVERSION = YES;
				CLANG_WARN_COMMA = YES;
				CLANG_WARN_CONSTANT_CONVERSION = YES;
				CLANG_WARN_DEPRECATED_OBJC_IMPLEMENTATIONS = YES;
				CLANG_WARN_DIRECT_OBJC_ISA_USAGE = YES_ERROR;
				CLANG_WARN_DOCUMENTATION_COMMENTS = YES;
				CLANG_WARN_EMPTY_BODY = YES;
				CLANG_WARN_ENUM_CONVERSION = YES;
				CLANG_WARN_INFINITE_RECURSION = YES;
				CLANG_WARN_INT_CONVERSION = YES;
				CLANG_WARN_NON_LITERAL_NULL_CONVERSION = YES;
				CLANG_WARN_OBJC_IMPLICIT_RETAIN_SELF = YES;
				CLANG_WARN_OBJC_LITERAL_CONVERSION = YES;
				CLANG_WARN_OBJC_ROOT_CLASS = YES_ERROR;
				CLANG_WARN_QUOTED_INCLUDE_IN_FRAMEWORK_HEADER = YES;
				CLANG_WARN_RANGE_LOOP_ANALYSIS = YES;
				CLANG_WARN_STRICT_PROTOTYPES = YES;
				CLANG_WARN_SUSPICIOUS_MOVE = YES;
				CLANG_WARN_UNGUARDED_AVAILABILITY = YES_AGGRESSIVE;
				CLANG_WARN_UNREACHABLE_CODE = YES;
				CLANG_WARN__DUPLICATE_METHOD_MATCH = YES;
				COPY_PHASE_STRIP = NO;
				DEBUG_INFORMATION_FORMAT = "dwarf-with-dsym";
				ENABLE_NS_ASSERTIONS = NO;
				ENABLE_STRICT_OBJC_MSGSEND = YES;
				ENABLE_USER_SCRIPT_SANDBOXING = YES;
				GCC_C_LANGUAGE_STANDARD = gnu17;
				GCC_NO_COMMON_BLOCKS = YES;
				GCC_WARN_64_TO_32_BIT_CONVERSION = YES;
				GCC_WARN_ABOUT_RETURN_TYPE = YES_ERROR;
				GCC_WARN_UNDECLARED_SELECTOR = YES;
				GCC_WARN_UNINITIALIZED_AUTOS = YES_AGGRESSIVE;
				GCC_WARN_UNUSED_FUNCTION = YES;
				GCC_WARN_UNUSED_VARIABLE = YES;
				IPHONEOS_DEPLOYMENT_TARGET = 17.2;
				LOCALIZATION_PREFERS_STRING_CATALOGS = YES;
				MTL_ENABLE_DEBUG_INFO = NO;
				MTL_FAST_MATH = YES;
				SDKROOT = iphoneos;
				SWIFT_COMPILATION_MODE = wholemodule;
				VALIDATE_PRODUCT = YES;
			};
			name = Release;
		};
		CCDEC37E2B82E85D00F7566D /* Debug */ = {
			isa = XCBuildConfiguration;
			buildSettings = {
				ASSETCATALOG_COMPILER_APPICON_NAME = AppIcon;
				ASSETCATALOG_COMPILER_GLOBAL_ACCENT_COLOR_NAME = AccentColor;
				CODE_SIGN_STYLE = Automatic;
				CURRENT_PROJECT_VERSION = 1;
				DEVELOPMENT_TEAM = HGC446G538;
				GENERATE_INFOPLIST_FILE = YES;
				INFOPLIST_FILE = CoreData_0219/Info.plist;
				INFOPLIST_KEY_UIApplicationSupportsIndirectInputEvents = YES;
				INFOPLIST_KEY_UILaunchStoryboardName = LaunchScreen;
				INFOPLIST_KEY_UIMainStoryboardFile = Main;
				INFOPLIST_KEY_UISupportedInterfaceOrientations_iPad = "UIInterfaceOrientationPortrait UIInterfaceOrientationPortraitUpsideDown UIInterfaceOrientationLandscapeLeft UIInterfaceOrientationLandscapeRight";
				INFOPLIST_KEY_UISupportedInterfaceOrientations_iPhone = "UIInterfaceOrientationPortrait UIInterfaceOrientationLandscapeLeft UIInterfaceOrientationLandscapeRight";
				LD_RUNPATH_SEARCH_PATHS = (
					"$(inherited)",
					"@executable_path/Frameworks",
				);
				MARKETING_VERSION = 1.0;
				PRODUCT_BUNDLE_IDENTIFIER = "roh.CoreData-0219";
				PRODUCT_NAME = "$(TARGET_NAME)";
				SWIFT_EMIT_LOC_STRINGS = YES;
				SWIFT_VERSION = 5.0;
				TARGETED_DEVICE_FAMILY = "1,2";
			};
			name = Debug;
		};
		CCDEC37F2B82E85D00F7566D /* Release */ = {
			isa = XCBuildConfiguration;
			buildSettings = {
				ASSETCATALOG_COMPILER_APPICON_NAME = AppIcon;
				ASSETCATALOG_COMPILER_GLOBAL_ACCENT_COLOR_NAME = AccentColor;
				CODE_SIGN_STYLE = Automatic;
				CURRENT_PROJECT_VERSION = 1;
				DEVELOPMENT_TEAM = HGC446G538;
				GENERATE_INFOPLIST_FILE = YES;
				INFOPLIST_FILE = CoreData_0219/Info.plist;
				INFOPLIST_KEY_UIApplicationSupportsIndirectInputEvents = YES;
				INFOPLIST_KEY_UILaunchStoryboardName = LaunchScreen;
				INFOPLIST_KEY_UIMainStoryboardFile = Main;
				INFOPLIST_KEY_UISupportedInterfaceOrientations_iPad = "UIInterfaceOrientationPortrait UIInterfaceOrientationPortraitUpsideDown UIInterfaceOrientationLandscapeLeft UIInterfaceOrientationLandscapeRight";
				INFOPLIST_KEY_UISupportedInterfaceOrientations_iPhone = "UIInterfaceOrientationPortrait UIInterfaceOrientationLandscapeLeft UIInterfaceOrientationLandscapeRight";
				LD_RUNPATH_SEARCH_PATHS = (
					"$(inherited)",
					"@executable_path/Frameworks",
				);
				MARKETING_VERSION = 1.0;
				PRODUCT_BUNDLE_IDENTIFIER = "roh.CoreData-0219";
				PRODUCT_NAME = "$(TARGET_NAME)";
				SWIFT_EMIT_LOC_STRINGS = YES;
				SWIFT_VERSION = 5.0;
				TARGETED_DEVICE_FAMILY = "1,2";
			};
			name = Release;
		};
		CCDEC3812B82E85D00F7566D /* Debug */ = {
			isa = XCBuildConfiguration;
			buildSettings = {
				ALWAYS_EMBED_SWIFT_STANDARD_LIBRARIES = YES;
				BUNDLE_LOADER = "$(TEST_HOST)";
				CODE_SIGN_STYLE = Automatic;
				CURRENT_PROJECT_VERSION = 1;
				DEVELOPMENT_TEAM = HGC446G538;
				GENERATE_INFOPLIST_FILE = YES;
				IPHONEOS_DEPLOYMENT_TARGET = 17.2;
				MARKETING_VERSION = 1.0;
				PRODUCT_BUNDLE_IDENTIFIER = "roh.CoreData-0219Tests";
				PRODUCT_NAME = "$(TARGET_NAME)";
				SWIFT_EMIT_LOC_STRINGS = NO;
				SWIFT_VERSION = 5.0;
				TARGETED_DEVICE_FAMILY = "1,2";
				TEST_HOST = "$(BUILT_PRODUCTS_DIR)/CoreData_0219.app/$(BUNDLE_EXECUTABLE_FOLDER_PATH)/CoreData_0219";
			};
			name = Debug;
		};
		CCDEC3822B82E85D00F7566D /* Release */ = {
			isa = XCBuildConfiguration;
			buildSettings = {
				ALWAYS_EMBED_SWIFT_STANDARD_LIBRARIES = YES;
				BUNDLE_LOADER = "$(TEST_HOST)";
				CODE_SIGN_STYLE = Automatic;
				CURRENT_PROJECT_VERSION = 1;
				DEVELOPMENT_TEAM = HGC446G538;
				GENERATE_INFOPLIST_FILE = YES;
				IPHONEOS_DEPLOYMENT_TARGET = 17.2;
				MARKETING_VERSION = 1.0;
				PRODUCT_BUNDLE_IDENTIFIER = "roh.CoreData-0219Tests";
				PRODUCT_NAME = "$(TARGET_NAME)";
				SWIFT_EMIT_LOC_STRINGS = NO;
				SWIFT_VERSION = 5.0;
				TARGETED_DEVICE_FAMILY = "1,2";
				TEST_HOST = "$(BUILT_PRODUCTS_DIR)/CoreData_0219.app/$(BUNDLE_EXECUTABLE_FOLDER_PATH)/CoreData_0219";
			};
			name = Release;
		};
		CCDEC3842B82E85D00F7566D /* Debug */ = {
			isa = XCBuildConfiguration;
			buildSettings = {
				ALWAYS_EMBED_SWIFT_STANDARD_LIBRARIES = YES;
				CODE_SIGN_STYLE = Automatic;
				CURRENT_PROJECT_VERSION = 1;
				DEVELOPMENT_TEAM = HGC446G538;
				GENERATE_INFOPLIST_FILE = YES;
				MARKETING_VERSION = 1.0;
				PRODUCT_BUNDLE_IDENTIFIER = "roh.CoreData-0219UITests";
				PRODUCT_NAME = "$(TARGET_NAME)";
				SWIFT_EMIT_LOC_STRINGS = NO;
				SWIFT_VERSION = 5.0;
				TARGETED_DEVICE_FAMILY = "1,2";
				TEST_TARGET_NAME = CoreData_0219;
			};
			name = Debug;
		};
		CCDEC3852B82E85D00F7566D /* Release */ = {
			isa = XCBuildConfiguration;
			buildSettings = {
				ALWAYS_EMBED_SWIFT_STANDARD_LIBRARIES = YES;
				CODE_SIGN_STYLE = Automatic;
				CURRENT_PROJECT_VERSION = 1;
				DEVELOPMENT_TEAM = HGC446G538;
				GENERATE_INFOPLIST_FILE = YES;
				MARKETING_VERSION = 1.0;
				PRODUCT_BUNDLE_IDENTIFIER = "roh.CoreData-0219UITests";
				PRODUCT_NAME = "$(TARGET_NAME)";
				SWIFT_EMIT_LOC_STRINGS = NO;
				SWIFT_VERSION = 5.0;
				TARGETED_DEVICE_FAMILY = "1,2";
				TEST_TARGET_NAME = CoreData_0219;
			};
			name = Release;
		};
/* End XCBuildConfiguration section */

/* Begin XCConfigurationList section */
		CCDEC34E2B82E85C00F7566D /* Build configuration list for PBXProject "CoreData_0219" */ = {
			isa = XCConfigurationList;
			buildConfigurations = (
				CCDEC37B2B82E85D00F7566D /* Debug */,
				CCDEC37C2B82E85D00F7566D /* Release */,
			);
			defaultConfigurationIsVisible = 0;
			defaultConfigurationName = Release;
		};
		CCDEC37D2B82E85D00F7566D /* Build configuration list for PBXNativeTarget "CoreData_0219" */ = {
			isa = XCConfigurationList;
			buildConfigurations = (
				CCDEC37E2B82E85D00F7566D /* Debug */,
				CCDEC37F2B82E85D00F7566D /* Release */,
			);
			defaultConfigurationIsVisible = 0;
			defaultConfigurationName = Release;
		};
		CCDEC3802B82E85D00F7566D /* Build configuration list for PBXNativeTarget "CoreData_0219Tests" */ = {
			isa = XCConfigurationList;
			buildConfigurations = (
				CCDEC3812B82E85D00F7566D /* Debug */,
				CCDEC3822B82E85D00F7566D /* Release */,
			);
			defaultConfigurationIsVisible = 0;
			defaultConfigurationName = Release;
		};
		CCDEC3832B82E85D00F7566D /* Build configuration list for PBXNativeTarget "CoreData_0219UITests" */ = {
			isa = XCConfigurationList;
			buildConfigurations = (
				CCDEC3842B82E85D00F7566D /* Debug */,
				CCDEC3852B82E85D00F7566D /* Release */,
			);
			defaultConfigurationIsVisible = 0;
			defaultConfigurationName = Release;
		};
/* End XCConfigurationList section */

/* Begin XCVersionGroup section */
		CCDEC3862B82E8A200F7566D /* Model.xcdatamodeld */ = {
			isa = XCVersionGroup;
			children = (
				CCDEC3872B82E8A200F7566D /* Model.xcdatamodel */,
			);
			currentVersion = CCDEC3872B82E8A200F7566D /* Model.xcdatamodel */;
			path = Model.xcdatamodeld;
			sourceTree = "<group>";
			versionGroupType = wrapper.xcdatamodel;
		};
/* End XCVersionGroup section */
	};
	rootObject = CCDEC34B2B82E85C00F7566D /* Project object */;
}
