// !$*UTF8*$!
{
	archiveVersion = 1;
	classes = {
	};
	objectVersion = 56;
	objects = {

/* Begin PBXBuildFile section */
		CC176C0B2B93FF0A00AF16FE /* AppDelegate.swift in Sources */ = {isa = PBXBuildFile; fileRef = CC176C0A2B93FF0A00AF16FE /* AppDelegate.swift */; };
		CC176C0D2B93FF0A00AF16FE /* SceneDelegate.swift in Sources */ = {isa = PBXBuildFile; fileRef = CC176C0C2B93FF0A00AF16FE /* SceneDelegate.swift */; };
		CC176C0F2B93FF0A00AF16FE /* ViewController.swift in Sources */ = {isa = PBXBuildFile; fileRef = CC176C0E2B93FF0A00AF16FE /* ViewController.swift */; };
		CC176C122B93FF0A00AF16FE /* Main.storyboard in Resources */ = {isa = PBXBuildFile; fileRef = CC176C102B93FF0A00AF16FE /* Main.storyboard */; };
		CC176C142B93FF0B00AF16FE /* Assets.xcassets in Resources */ = {isa = PBXBuildFile; fileRef = CC176C132B93FF0B00AF16FE /* Assets.xcassets */; };
		CC176C172B93FF0B00AF16FE /* LaunchScreen.storyboard in Resources */ = {isa = PBXBuildFile; fileRef = CC176C152B93FF0B00AF16FE /* LaunchScreen.storyboard */; };
		CC176C222B93FF0B00AF16FE /* DecoratorPattern_0303Tests.swift in Sources */ = {isa = PBXBuildFile; fileRef = CC176C212B93FF0B00AF16FE /* DecoratorPattern_0303Tests.swift */; };
		CC176C2C2B93FF0B00AF16FE /* DecoratorPattern_0303UITests.swift in Sources */ = {isa = PBXBuildFile; fileRef = CC176C2B2B93FF0B00AF16FE /* DecoratorPattern_0303UITests.swift */; };
		CC176C2E2B93FF0B00AF16FE /* DecoratorPattern_0303UITestsLaunchTests.swift in Sources */ = {isa = PBXBuildFile; fileRef = CC176C2D2B93FF0B00AF16FE /* DecoratorPattern_0303UITestsLaunchTests.swift */; };
/* End PBXBuildFile section */

/* Begin PBXContainerItemProxy section */
		CC176C1E2B93FF0B00AF16FE /* PBXContainerItemProxy */ = {
			isa = PBXContainerItemProxy;
			containerPortal = CC176BFF2B93FF0A00AF16FE /* Project object */;
			proxyType = 1;
			remoteGlobalIDString = CC176C062B93FF0A00AF16FE;
			remoteInfo = DecoratorPattern_0303;
		};
		CC176C282B93FF0B00AF16FE /* PBXContainerItemProxy */ = {
			isa = PBXContainerItemProxy;
			containerPortal = CC176BFF2B93FF0A00AF16FE /* Project object */;
			proxyType = 1;
			remoteGlobalIDString = CC176C062B93FF0A00AF16FE;
			remoteInfo = DecoratorPattern_0303;
		};
/* End PBXContainerItemProxy section */

/* Begin PBXFileReference section */
		CC176C072B93FF0A00AF16FE /* DecoratorPattern_0303.app */ = {isa = PBXFileReference; explicitFileType = wrapper.application; includeInIndex = 0; path = DecoratorPattern_0303.app; sourceTree = BUILT_PRODUCTS_DIR; };
		CC176C0A2B93FF0A00AF16FE /* AppDelegate.swift */ = {isa = PBXFileReference; lastKnownFileType = sourcecode.swift; path = AppDelegate.swift; sourceTree = "<group>"; };
		CC176C0C2B93FF0A00AF16FE /* SceneDelegate.swift */ = {isa = PBXFileReference; lastKnownFileType = sourcecode.swift; path = SceneDelegate.swift; sourceTree = "<group>"; };
		CC176C0E2B93FF0A00AF16FE /* ViewController.swift */ = {isa = PBXFileReference; lastKnownFileType = sourcecode.swift; path = ViewController.swift; sourceTree = "<group>"; };
		CC176C112B93FF0A00AF16FE /* Base */ = {isa = PBXFileReference; lastKnownFileType = file.storyboard; name = Base; path = Base.lproj/Main.storyboard; sourceTree = "<group>"; };
		CC176C132B93FF0B00AF16FE /* Assets.xcassets */ = {isa = PBXFileReference; lastKnownFileType = folder.assetcatalog; path = Assets.xcassets; sourceTree = "<group>"; };
		CC176C162B93FF0B00AF16FE /* Base */ = {isa = PBXFileReference; lastKnownFileType = file.storyboard; name = Base; path = Base.lproj/LaunchScreen.storyboard; sourceTree = "<group>"; };
		CC176C182B93FF0B00AF16FE /* Info.plist */ = {isa = PBXFileReference; lastKnownFileType = text.plist.xml; path = Info.plist; sourceTree = "<group>"; };
		CC176C1D2B93FF0B00AF16FE /* DecoratorPattern_0303Tests.xctest */ = {isa = PBXFileReference; explicitFileType = wrapper.cfbundle; includeInIndex = 0; path = DecoratorPattern_0303Tests.xctest; sourceTree = BUILT_PRODUCTS_DIR; };
		CC176C212B93FF0B00AF16FE /* DecoratorPattern_0303Tests.swift */ = {isa = PBXFileReference; lastKnownFileType = sourcecode.swift; path = DecoratorPattern_0303Tests.swift; sourceTree = "<group>"; };
		CC176C272B93FF0B00AF16FE /* DecoratorPattern_0303UITests.xctest */ = {isa = PBXFileReference; explicitFileType = wrapper.cfbundle; includeInIndex = 0; path = DecoratorPattern_0303UITests.xctest; sourceTree = BUILT_PRODUCTS_DIR; };
		CC176C2B2B93FF0B00AF16FE /* DecoratorPattern_0303UITests.swift */ = {isa = PBXFileReference; lastKnownFileType = sourcecode.swift; path = DecoratorPattern_0303UITests.swift; sourceTree = "<group>"; };
		CC176C2D2B93FF0B00AF16FE /* DecoratorPattern_0303UITestsLaunchTests.swift */ = {isa = PBXFileReference; lastKnownFileType = sourcecode.swift; path = DecoratorPattern_0303UITestsLaunchTests.swift; sourceTree = "<group>"; };
/* End PBXFileReference section */

/* Begin PBXFrameworksBuildPhase section */
		CC176C042B93FF0A00AF16FE /* Frameworks */ = {
			isa = PBXFrameworksBuildPhase;
			buildActionMask = 2147483647;
			files = (
			);
			runOnlyForDeploymentPostprocessing = 0;
		};
		CC176C1A2B93FF0B00AF16FE /* Frameworks */ = {
			isa = PBXFrameworksBuildPhase;
			buildActionMask = 2147483647;
			files = (
			);
			runOnlyForDeploymentPostprocessing = 0;
		};
		CC176C242B93FF0B00AF16FE /* Frameworks */ = {
			isa = PBXFrameworksBuildPhase;
			buildActionMask = 2147483647;
			files = (
			);
			runOnlyForDeploymentPostprocessing = 0;
		};
/* End PBXFrameworksBuildPhase section */

/* Begin PBXGroup section */
		CC176BFE2B93FF0A00AF16FE = {
			isa = PBXGroup;
			children = (
				CC176C092B93FF0A00AF16FE /* DecoratorPattern_0303 */,
				CC176C202B93FF0B00AF16FE /* DecoratorPattern_0303Tests */,
				CC176C2A2B93FF0B00AF16FE /* DecoratorPattern_0303UITests */,
				CC176C082B93FF0A00AF16FE /* Products */,
			);
			sourceTree = "<group>";
		};
		CC176C082B93FF0A00AF16FE /* Products */ = {
			isa = PBXGroup;
			children = (
				CC176C072B93FF0A00AF16FE /* DecoratorPattern_0303.app */,
				CC176C1D2B93FF0B00AF16FE /* DecoratorPattern_0303Tests.xctest */,
				CC176C272B93FF0B00AF16FE /* DecoratorPattern_0303UITests.xctest */,
			);
			name = Products;
			sourceTree = "<group>";
		};
		CC176C092B93FF0A00AF16FE /* DecoratorPattern_0303 */ = {
			isa = PBXGroup;
			children = (
				CC176C0A2B93FF0A00AF16FE /* AppDelegate.swift */,
				CC176C0C2B93FF0A00AF16FE /* SceneDelegate.swift */,
				CC176C0E2B93FF0A00AF16FE /* ViewController.swift */,
				CC176C102B93FF0A00AF16FE /* Main.storyboard */,
				CC176C132B93FF0B00AF16FE /* Assets.xcassets */,
				CC176C152B93FF0B00AF16FE /* LaunchScreen.storyboard */,
				CC176C182B93FF0B00AF16FE /* Info.plist */,
			);
			path = DecoratorPattern_0303;
			sourceTree = "<group>";
		};
		CC176C202B93FF0B00AF16FE /* DecoratorPattern_0303Tests */ = {
			isa = PBXGroup;
			children = (
				CC176C212B93FF0B00AF16FE /* DecoratorPattern_0303Tests.swift */,
			);
			path = DecoratorPattern_0303Tests;
			sourceTree = "<group>";
		};
		CC176C2A2B93FF0B00AF16FE /* DecoratorPattern_0303UITests */ = {
			isa = PBXGroup;
			children = (
				CC176C2B2B93FF0B00AF16FE /* DecoratorPattern_0303UITests.swift */,
				CC176C2D2B93FF0B00AF16FE /* DecoratorPattern_0303UITestsLaunchTests.swift */,
			);
			path = DecoratorPattern_0303UITests;
			sourceTree = "<group>";
		};
/* End PBXGroup section */

/* Begin PBXNativeTarget section */
		CC176C062B93FF0A00AF16FE /* DecoratorPattern_0303 */ = {
			isa = PBXNativeTarget;
			buildConfigurationList = CC176C312B93FF0B00AF16FE /* Build configuration list for PBXNativeTarget "DecoratorPattern_0303" */;
			buildPhases = (
				CC176C032B93FF0A00AF16FE /* Sources */,
				CC176C042B93FF0A00AF16FE /* Frameworks */,
				CC176C052B93FF0A00AF16FE /* Resources */,
			);
			buildRules = (
			);
			dependencies = (
			);
			name = DecoratorPattern_0303;
			productName = DecoratorPattern_0303;
			productReference = CC176C072B93FF0A00AF16FE /* DecoratorPattern_0303.app */;
			productType = "com.apple.product-type.application";
		};
		CC176C1C2B93FF0B00AF16FE /* DecoratorPattern_0303Tests */ = {
			isa = PBXNativeTarget;
			buildConfigurationList = CC176C342B93FF0B00AF16FE /* Build configuration list for PBXNativeTarget "DecoratorPattern_0303Tests" */;
			buildPhases = (
				CC176C192B93FF0B00AF16FE /* Sources */,
				CC176C1A2B93FF0B00AF16FE /* Frameworks */,
				CC176C1B2B93FF0B00AF16FE /* Resources */,
			);
			buildRules = (
			);
			dependencies = (
				CC176C1F2B93FF0B00AF16FE /* PBXTargetDependency */,
			);
			name = DecoratorPattern_0303Tests;
			productName = DecoratorPattern_0303Tests;
			productReference = CC176C1D2B93FF0B00AF16FE /* DecoratorPattern_0303Tests.xctest */;
			productType = "com.apple.product-type.bundle.unit-test";
		};
		CC176C262B93FF0B00AF16FE /* DecoratorPattern_0303UITests */ = {
			isa = PBXNativeTarget;
			buildConfigurationList = CC176C372B93FF0B00AF16FE /* Build configuration list for PBXNativeTarget "DecoratorPattern_0303UITests" */;
			buildPhases = (
				CC176C232B93FF0B00AF16FE /* Sources */,
				CC176C242B93FF0B00AF16FE /* Frameworks */,
				CC176C252B93FF0B00AF16FE /* Resources */,
			);
			buildRules = (
			);
			dependencies = (
				CC176C292B93FF0B00AF16FE /* PBXTargetDependency */,
			);
			name = DecoratorPattern_0303UITests;
			productName = DecoratorPattern_0303UITests;
			productReference = CC176C272B93FF0B00AF16FE /* DecoratorPattern_0303UITests.xctest */;
			productType = "com.apple.product-type.bundle.ui-testing";
		};
/* End PBXNativeTarget section */

/* Begin PBXProject section */
		CC176BFF2B93FF0A00AF16FE /* Project object */ = {
			isa = PBXProject;
			attributes = {
				BuildIndependentTargetsInParallel = 1;
				LastSwiftUpdateCheck = 1510;
				LastUpgradeCheck = 1510;
				TargetAttributes = {
					CC176C062B93FF0A00AF16FE = {
						CreatedOnToolsVersion = 15.1;
					};
					CC176C1C2B93FF0B00AF16FE = {
						CreatedOnToolsVersion = 15.1;
						TestTargetID = CC176C062B93FF0A00AF16FE;
					};
					CC176C262B93FF0B00AF16FE = {
						CreatedOnToolsVersion = 15.1;
						TestTargetID = CC176C062B93FF0A00AF16FE;
					};
				};
			};
			buildConfigurationList = CC176C022B93FF0A00AF16FE /* Build configuration list for PBXProject "DecoratorPattern_0303" */;
			compatibilityVersion = "Xcode 14.0";
			developmentRegion = en;
			hasScannedForEncodings = 0;
			knownRegions = (
				en,
				Base,
			);
			mainGroup = CC176BFE2B93FF0A00AF16FE;
			productRefGroup = CC176C082B93FF0A00AF16FE /* Products */;
			projectDirPath = "";
			projectRoot = "";
			targets = (
				CC176C062B93FF0A00AF16FE /* DecoratorPattern_0303 */,
				CC176C1C2B93FF0B00AF16FE /* DecoratorPattern_0303Tests */,
				CC176C262B93FF0B00AF16FE /* DecoratorPattern_0303UITests */,
			);
		};
/* End PBXProject section */

/* Begin PBXResourcesBuildPhase section */
		CC176C052B93FF0A00AF16FE /* Resources */ = {
			isa = PBXResourcesBuildPhase;
			buildActionMask = 2147483647;
			files = (
				CC176C172B93FF0B00AF16FE /* LaunchScreen.storyboard in Resources */,
				CC176C142B93FF0B00AF16FE /* Assets.xcassets in Resources */,
				CC176C122B93FF0A00AF16FE /* Main.storyboard in Resources */,
			);
			runOnlyForDeploymentPostprocessing = 0;
		};
		CC176C1B2B93FF0B00AF16FE /* Resources */ = {
			isa = PBXResourcesBuildPhase;
			buildActionMask = 2147483647;
			files = (
			);
			runOnlyForDeploymentPostprocessing = 0;
		};
		CC176C252B93FF0B00AF16FE /* Resources */ = {
			isa = PBXResourcesBuildPhase;
			buildActionMask = 2147483647;
			files = (
			);
			runOnlyForDeploymentPostprocessing = 0;
		};
/* End PBXResourcesBuildPhase section */

/* Begin PBXSourcesBuildPhase section */
		CC176C032B93FF0A00AF16FE /* Sources */ = {
			isa = PBXSourcesBuildPhase;
			buildActionMask = 2147483647;
			files = (
				CC176C0F2B93FF0A00AF16FE /* ViewController.swift in Sources */,
				CC176C0B2B93FF0A00AF16FE /* AppDelegate.swift in Sources */,
				CC176C0D2B93FF0A00AF16FE /* SceneDelegate.swift in Sources */,
			);
			runOnlyForDeploymentPostprocessing = 0;
		};
		CC176C192B93FF0B00AF16FE /* Sources */ = {
			isa = PBXSourcesBuildPhase;
			buildActionMask = 2147483647;
			files = (
				CC176C222B93FF0B00AF16FE /* DecoratorPattern_0303Tests.swift in Sources */,
			);
			runOnlyForDeploymentPostprocessing = 0;
		};
		CC176C232B93FF0B00AF16FE /* Sources */ = {
			isa = PBXSourcesBuildPhase;
			buildActionMask = 2147483647;
			files = (
				CC176C2C2B93FF0B00AF16FE /* DecoratorPattern_0303UITests.swift in Sources */,
				CC176C2E2B93FF0B00AF16FE /* DecoratorPattern_0303UITestsLaunchTests.swift in Sources */,
			);
			runOnlyForDeploymentPostprocessing = 0;
		};
/* End PBXSourcesBuildPhase section */

/* Begin PBXTargetDependency section */
		CC176C1F2B93FF0B00AF16FE /* PBXTargetDependency */ = {
			isa = PBXTargetDependency;
			target = CC176C062B93FF0A00AF16FE /* DecoratorPattern_0303 */;
			targetProxy = CC176C1E2B93FF0B00AF16FE /* PBXContainerItemProxy */;
		};
		CC176C292B93FF0B00AF16FE /* PBXTargetDependency */ = {
			isa = PBXTargetDependency;
			target = CC176C062B93FF0A00AF16FE /* DecoratorPattern_0303 */;
			targetProxy = CC176C282B93FF0B00AF16FE /* PBXContainerItemProxy */;
		};
/* End PBXTargetDependency section */

/* Begin PBXVariantGroup section */
		CC176C102B93FF0A00AF16FE /* Main.storyboard */ = {
			isa = PBXVariantGroup;
			children = (
				CC176C112B93FF0A00AF16FE /* Base */,
			);
			name = Main.storyboard;
			sourceTree = "<group>";
		};
		CC176C152B93FF0B00AF16FE /* LaunchScreen.storyboard */ = {
			isa = PBXVariantGroup;
			children = (
				CC176C162B93FF0B00AF16FE /* Base */,
			);
			name = LaunchScreen.storyboard;
			sourceTree = "<group>";
		};
/* End PBXVariantGroup section */

/* Begin XCBuildConfiguration section */
		CC176C2F2B93FF0B00AF16FE /* Debug */ = {
			isa = XCBuildConfiguration;
			buildSettings = {
				ALWAYS_SEARCH_USER_PATHS = NO;
				ASSETCATALOG_COMPILER_GENERATE_SWIFT_ASSET_SYMBOL_EXTENSIONS = YES;
				CLANG_ANALYZER_NONNULL = YES;
				CLANG_ANALYZER_NUMBER_OBJECT_CONVERSION = YES_AGGRESSIVE;
				CLANG_CXX_LANGUAGE_STANDARD = "gnu++20";
				CLANG_ENABLE_MODULES = YES;
				CLANG_ENABLE_OBJC_ARC = YES;
				CLANG_ENABLE_OBJC_WEAK = YES;
				CLANG_WARN_BLOCK_CAPTURE_AUTORELEASING = YES;
				CLANG_WARN_BOOL_CONVERSION = YES;
				CLANG_WARN_COMMA = YES;
				CLANG_WARN_CONSTANT_CONVERSION = YES;
				CLANG_WARN_DEPRECATED_OBJC_IMPLEMENTATIONS = YES;
				CLANG_WARN_DIRECT_OBJC_ISA_USAGE = YES_ERROR;
				CLANG_WARN_DOCUMENTATION_COMMENTS = YES;
				CLANG_WARN_EMPTY_BODY = YES;
				CLANG_WARN_ENUM_CONVERSION = YES;
				CLANG_WARN_INFINITE_RECURSION = YES;
				CLANG_WARN_INT_CONVERSION = YES;
				CLANG_WARN_NON_LITERAL_NULL_CONVERSION = YES;
				CLANG_WARN_OBJC_IMPLICIT_RETAIN_SELF = YES;
				CLANG_WARN_OBJC_LITERAL_CONVERSION = YES;
				CLANG_WARN_OBJC_ROOT_CLASS = YES_ERROR;
				CLANG_WARN_QUOTED_INCLUDE_IN_FRAMEWORK_HEADER = YES;
				CLANG_WARN_RANGE_LOOP_ANALYSIS = YES;
				CLANG_WARN_STRICT_PROTOTYPES = YES;
				CLANG_WARN_SUSPICIOUS_MOVE = YES;
				CLANG_WARN_UNGUARDED_AVAILABILITY = YES_AGGRESSIVE;
				CLANG_WARN_UNREACHABLE_CODE = YES;
				CLANG_WARN__DUPLICATE_METHOD_MATCH = YES;
				COPY_PHASE_STRIP = NO;
				DEBUG_INFORMATION_FORMAT = dwarf;
				ENABLE_STRICT_OBJC_MSGSEND = YES;
				ENABLE_TESTABILITY = YES;
				ENABLE_USER_SCRIPT_SANDBOXING = YES;
				GCC_C_LANGUAGE_STANDARD = gnu17;
				GCC_DYNAMIC_NO_PIC = NO;
				GCC_NO_COMMON_BLOCKS = YES;
				GCC_OPTIMIZATION_LEVEL = 0;
				GCC_PREPROCESSOR_DEFINITIONS = (
					"DEBUG=1",
					"$(inherited)",
				);
				GCC_WARN_64_TO_32_BIT_CONVERSION = YES;
				GCC_WARN_ABOUT_RETURN_TYPE = YES_ERROR;
				GCC_WARN_UNDECLARED_SELECTOR = YES;
				GCC_WARN_UNINITIALIZED_AUTOS = YES_AGGRESSIVE;
				GCC_WARN_UNUSED_FUNCTION = YES;
				GCC_WARN_UNUSED_VARIABLE = YES;
				IPHONEOS_DEPLOYMENT_TARGET = 17.2;
				LOCALIZATION_PREFERS_STRING_CATALOGS = YES;
				MTL_ENABLE_DEBUG_INFO = INCLUDE_SOURCE;
				MTL_FAST_MATH = YES;
				ONLY_ACTIVE_ARCH = YES;
				SDKROOT = iphoneos;
				SWIFT_ACTIVE_COMPILATION_CONDITIONS = "DEBUG $(inherited)";
				SWIFT_OPTIMIZATION_LEVEL = "-Onone";
			};
			name = Debug;
		};
		CC176C302B93FF0B00AF16FE /* Release */ = {
			isa = XCBuildConfiguration;
			buildSettings = {
				ALWAYS_SEARCH_USER_PATHS = NO;
				ASSETCATALOG_COMPILER_GENERATE_SWIFT_ASSET_SYMBOL_EXTENSIONS = YES;
				CLANG_ANALYZER_NONNULL = YES;
				CLANG_ANALYZER_NUMBER_OBJECT_CONVERSION = YES_AGGRESSIVE;
				CLANG_CXX_LANGUAGE_STANDARD = "gnu++20";
				CLANG_ENABLE_MODULES = YES;
				CLANG_ENABLE_OBJC_ARC = YES;
				CLANG_ENABLE_OBJC_WEAK = YES;
				CLANG_WARN_BLOCK_CAPTURE_AUTORELEASING = YES;
				CLANG_WARN_BOOL_CONVERSION = YES;
				CLANG_WARN_COMMA = YES;
				CLANG_WARN_CONSTANT_CONVERSION = YES;
				CLANG_WARN_DEPRECATED_OBJC_IMPLEMENTATIONS = YES;
				CLANG_WARN_DIRECT_OBJC_ISA_USAGE = YES_ERROR;
				CLANG_WARN_DOCUMENTATION_COMMENTS = YES;
				CLANG_WARN_EMPTY_BODY = YES;
				CLANG_WARN_ENUM_CONVERSION = YES;
				CLANG_WARN_INFINITE_RECURSION = YES;
				CLANG_WARN_INT_CONVERSION = YES;
				CLANG_WARN_NON_LITERAL_NULL_CONVERSION = YES;
				CLANG_WARN_OBJC_IMPLICIT_RETAIN_SELF = YES;
				CLANG_WARN_OBJC_LITERAL_CONVERSION = YES;
				CLANG_WARN_OBJC_ROOT_CLASS = YES_ERROR;
				CLANG_WARN_QUOTED_INCLUDE_IN_FRAMEWORK_HEADER = YES;
				CLANG_WARN_RANGE_LOOP_ANALYSIS = YES;
				CLANG_WARN_STRICT_PROTOTYPES = YES;
				CLANG_WARN_SUSPICIOUS_MOVE = YES;
				CLANG_WARN_UNGUARDED_AVAILABILITY = YES_AGGRESSIVE;
				CLANG_WARN_UNREACHABLE_CODE = YES;
				CLANG_WARN__DUPLICATE_METHOD_MATCH = YES;
				COPY_PHASE_STRIP = NO;
				DEBUG_INFORMATION_FORMAT = "dwarf-with-dsym";
				ENABLE_NS_ASSERTIONS = NO;
				ENABLE_STRICT_OBJC_MSGSEND = YES;
				ENABLE_USER_SCRIPT_SANDBOXING = YES;
				GCC_C_LANGUAGE_STANDARD = gnu17;
				GCC_NO_COMMON_BLOCKS = YES;
				GCC_WARN_64_TO_32_BIT_CONVERSION = YES;
				GCC_WARN_ABOUT_RETURN_TYPE = YES_ERROR;
				GCC_WARN_UNDECLARED_SELECTOR = YES;
				GCC_WARN_UNINITIALIZED_AUTOS = YES_AGGRESSIVE;
				GCC_WARN_UNUSED_FUNCTION = YES;
				GCC_WARN_UNUSED_VARIABLE = YES;
				IPHONEOS_DEPLOYMENT_TARGET = 17.2;
				LOCALIZATION_PREFERS_STRING_CATALOGS = YES;
				MTL_ENABLE_DEBUG_INFO = NO;
				MTL_FAST_MATH = YES;
				SDKROOT = iphoneos;
				SWIFT_COMPILATION_MODE = wholemodule;
				VALIDATE_PRODUCT = YES;
			};
			name = Release;
		};
		CC176C322B93FF0B00AF16FE /* Debug */ = {
			isa = XCBuildConfiguration;
			buildSettings = {
				ASSETCATALOG_COMPILER_APPICON_NAME = AppIcon;
				ASSETCATALOG_COMPILER_GLOBAL_ACCENT_COLOR_NAME = AccentColor;
				CODE_SIGN_STYLE = Automatic;
				CURRENT_PROJECT_VERSION = 1;
				DEVELOPMENT_TEAM = HGC446G538;
				GENERATE_INFOPLIST_FILE = YES;
				INFOPLIST_FILE = DecoratorPattern_0303/Info.plist;
				INFOPLIST_KEY_UIApplicationSupportsIndirectInputEvents = YES;
				INFOPLIST_KEY_UILaunchStoryboardName = LaunchScreen;
				INFOPLIST_KEY_UIMainStoryboardFile = Main;
				INFOPLIST_KEY_UISupportedInterfaceOrientations_iPad = "UIInterfaceOrientationPortrait UIInterfaceOrientationPortraitUpsideDown UIInterfaceOrientationLandscapeLeft UIInterfaceOrientationLandscapeRight";
				INFOPLIST_KEY_UISupportedInterfaceOrientations_iPhone = "UIInterfaceOrientationPortrait UIInterfaceOrientationLandscapeLeft UIInterfaceOrientationLandscapeRight";
				LD_RUNPATH_SEARCH_PATHS = (
					"$(inherited)",
					"@executable_path/Frameworks",
				);
				MARKETING_VERSION = 1.0;
				PRODUCT_BUNDLE_IDENTIFIER = "roh.DecoratorPattern-0303";
				PRODUCT_NAME = "$(TARGET_NAME)";
				SWIFT_EMIT_LOC_STRINGS = YES;
				SWIFT_VERSION = 5.0;
				TARGETED_DEVICE_FAMILY = "1,2";
			};
			name = Debug;
		};
		CC176C332B93FF0B00AF16FE /* Release */ = {
			isa = XCBuildConfiguration;
			buildSettings = {
				ASSETCATALOG_COMPILER_APPICON_NAME = AppIcon;
				ASSETCATALOG_COMPILER_GLOBAL_ACCENT_COLOR_NAME = AccentColor;
				CODE_SIGN_STYLE = Automatic;
				CURRENT_PROJECT_VERSION = 1;
				DEVELOPMENT_TEAM = HGC446G538;
				GENERATE_INFOPLIST_FILE = YES;
				INFOPLIST_FILE = DecoratorPattern_0303/Info.plist;
				INFOPLIST_KEY_UIApplicationSupportsIndirectInputEvents = YES;
				INFOPLIST_KEY_UILaunchStoryboardName = LaunchScreen;
				INFOPLIST_KEY_UIMainStoryboardFile = Main;
				INFOPLIST_KEY_UISupportedInterfaceOrientations_iPad = "UIInterfaceOrientationPortrait UIInterfaceOrientationPortraitUpsideDown UIInterfaceOrientationLandscapeLeft UIInterfaceOrientationLandscapeRight";
				INFOPLIST_KEY_UISupportedInterfaceOrientations_iPhone = "UIInterfaceOrientationPortrait UIInterfaceOrientationLandscapeLeft UIInterfaceOrientationLandscapeRight";
				LD_RUNPATH_SEARCH_PATHS = (
					"$(inherited)",
					"@executable_path/Frameworks",
				);
				MARKETING_VERSION = 1.0;
				PRODUCT_BUNDLE_IDENTIFIER = "roh.DecoratorPattern-0303";
				PRODUCT_NAME = "$(TARGET_NAME)";
				SWIFT_EMIT_LOC_STRINGS = YES;
				SWIFT_VERSION = 5.0;
				TARGETED_DEVICE_FAMILY = "1,2";
			};
			name = Release;
		};
		CC176C352B93FF0B00AF16FE /* Debug */ = {
			isa = XCBuildConfiguration;
			buildSettings = {
				ALWAYS_EMBED_SWIFT_STANDARD_LIBRARIES = YES;
				BUNDLE_LOADER = "$(TEST_HOST)";
				CODE_SIGN_STYLE = Automatic;
				CURRENT_PROJECT_VERSION = 1;
				DEVELOPMENT_TEAM = HGC446G538;
				GENERATE_INFOPLIST_FILE = YES;
				IPHONEOS_DEPLOYMENT_TARGET = 17.2;
				MARKETING_VERSION = 1.0;
				PRODUCT_BUNDLE_IDENTIFIER = "roh.DecoratorPattern-0303Tests";
				PRODUCT_NAME = "$(TARGET_NAME)";
				SWIFT_EMIT_LOC_STRINGS = NO;
				SWIFT_VERSION = 5.0;
				TARGETED_DEVICE_FAMILY = "1,2";
				TEST_HOST = "$(BUILT_PRODUCTS_DIR)/DecoratorPattern_0303.app/$(BUNDLE_EXECUTABLE_FOLDER_PATH)/DecoratorPattern_0303";
			};
			name = Debug;
		};
		CC176C362B93FF0B00AF16FE /* Release */ = {
			isa = XCBuildConfiguration;
			buildSettings = {
				ALWAYS_EMBED_SWIFT_STANDARD_LIBRARIES = YES;
				BUNDLE_LOADER = "$(TEST_HOST)";
				CODE_SIGN_STYLE = Automatic;
				CURRENT_PROJECT_VERSION = 1;
				DEVELOPMENT_TEAM = HGC446G538;
				GENERATE_INFOPLIST_FILE = YES;
				IPHONEOS_DEPLOYMENT_TARGET = 17.2;
				MARKETING_VERSION = 1.0;
				PRODUCT_BUNDLE_IDENTIFIER = "roh.DecoratorPattern-0303Tests";
				PRODUCT_NAME = "$(TARGET_NAME)";
				SWIFT_EMIT_LOC_STRINGS = NO;
				SWIFT_VERSION = 5.0;
				TARGETED_DEVICE_FAMILY = "1,2";
				TEST_HOST = "$(BUILT_PRODUCTS_DIR)/DecoratorPattern_0303.app/$(BUNDLE_EXECUTABLE_FOLDER_PATH)/DecoratorPattern_0303";
			};
			name = Release;
		};
		CC176C382B93FF0B00AF16FE /* Debug */ = {
			isa = XCBuildConfiguration;
			buildSettings = {
				ALWAYS_EMBED_SWIFT_STANDARD_LIBRARIES = YES;
				CODE_SIGN_STYLE = Automatic;
				CURRENT_PROJECT_VERSION = 1;
				DEVELOPMENT_TEAM = HGC446G538;
				GENERATE_INFOPLIST_FILE = YES;
				MARKETING_VERSION = 1.0;
				PRODUCT_BUNDLE_IDENTIFIER = "roh.DecoratorPattern-0303UITests";
				PRODUCT_NAME = "$(TARGET_NAME)";
				SWIFT_EMIT_LOC_STRINGS = NO;
				SWIFT_VERSION = 5.0;
				TARGETED_DEVICE_FAMILY = "1,2";
				TEST_TARGET_NAME = DecoratorPattern_0303;
			};
			name = Debug;
		};
		CC176C392B93FF0B00AF16FE /* Release */ = {
			isa = XCBuildConfiguration;
			buildSettings = {
				ALWAYS_EMBED_SWIFT_STANDARD_LIBRARIES = YES;
				CODE_SIGN_STYLE = Automatic;
				CURRENT_PROJECT_VERSION = 1;
				DEVELOPMENT_TEAM = HGC446G538;
				GENERATE_INFOPLIST_FILE = YES;
				MARKETING_VERSION = 1.0;
				PRODUCT_BUNDLE_IDENTIFIER = "roh.DecoratorPattern-0303UITests";
				PRODUCT_NAME = "$(TARGET_NAME)";
				SWIFT_EMIT_LOC_STRINGS = NO;
				SWIFT_VERSION = 5.0;
				TARGETED_DEVICE_FAMILY = "1,2";
				TEST_TARGET_NAME = DecoratorPattern_0303;
			};
			name = Release;
		};
/* End XCBuildConfiguration section */

/* Begin XCConfigurationList section */
		CC176C022B93FF0A00AF16FE /* Build configuration list for PBXProject "DecoratorPattern_0303" */ = {
			isa = XCConfigurationList;
			buildConfigurations = (
				CC176C2F2B93FF0B00AF16FE /* Debug */,
				CC176C302B93FF0B00AF16FE /* Release */,
			);
			defaultConfigurationIsVisible = 0;
			defaultConfigurationName = Release;
		};
		CC176C312B93FF0B00AF16FE /* Build configuration list for PBXNativeTarget "DecoratorPattern_0303" */ = {
			isa = XCConfigurationList;
			buildConfigurations = (
				CC176C322B93FF0B00AF16FE /* Debug */,
				CC176C332B93FF0B00AF16FE /* Release */,
			);
			defaultConfigurationIsVisible = 0;
			defaultConfigurationName = Release;
		};
		CC176C342B93FF0B00AF16FE /* Build configuration list for PBXNativeTarget "DecoratorPattern_0303Tests" */ = {
			isa = XCConfigurationList;
			buildConfigurations = (
				CC176C352B93FF0B00AF16FE /* Debug */,
				CC176C362B93FF0B00AF16FE /* Release */,
			);
			defaultConfigurationIsVisible = 0;
			defaultConfigurationName = Release;
		};
		CC176C372B93FF0B00AF16FE /* Build configuration list for PBXNativeTarget "DecoratorPattern_0303UITests" */ = {
			isa = XCConfigurationList;
			buildConfigurations = (
				CC176C382B93FF0B00AF16FE /* Debug */,
				CC176C392B93FF0B00AF16FE /* Release */,
			);
			defaultConfigurationIsVisible = 0;
			defaultConfigurationName = Release;
		};
/* End XCConfigurationList section */
	};
	rootObject = CC176BFF2B93FF0A00AF16FE /* Project object */;
}
