// !$*UTF8*$!
{
	archiveVersion = 1;
	classes = {
	};
	objectVersion = 56;
	objects = {

/* Begin PBXBuildFile section */
		CC176C6C2B9EA7B500AF16FE /* AppDelegate.swift in Sources */ = {isa = PBXBuildFile; fileRef = CC176C6B2B9EA7B500AF16FE /* AppDelegate.swift */; };
		CC176C6E2B9EA7B500AF16FE /* SceneDelegate.swift in Sources */ = {isa = PBXBuildFile; fileRef = CC176C6D2B9EA7B500AF16FE /* SceneDelegate.swift */; };
		CC176C702B9EA7B500AF16FE /* ViewController.swift in Sources */ = {isa = PBXBuildFile; fileRef = CC176C6F2B9EA7B500AF16FE /* ViewController.swift */; };
		CC176C732B9EA7B500AF16FE /* Main.storyboard in Resources */ = {isa = PBXBuildFile; fileRef = CC176C712B9EA7B500AF16FE /* Main.storyboard */; };
		CC176C752B9EA7B700AF16FE /* Assets.xcassets in Resources */ = {isa = PBXBuildFile; fileRef = CC176C742B9EA7B700AF16FE /* Assets.xcassets */; };
		CC176C782B9EA7B700AF16FE /* LaunchScreen.storyboard in Resources */ = {isa = PBXBuildFile; fileRef = CC176C762B9EA7B700AF16FE /* LaunchScreen.storyboard */; };
		CC176C832B9EA7B700AF16FE /* testTests.swift in Sources */ = {isa = PBXBuildFile; fileRef = CC176C822B9EA7B700AF16FE /* testTests.swift */; };
		CC176C8D2B9EA7B700AF16FE /* testUITests.swift in Sources */ = {isa = PBXBuildFile; fileRef = CC176C8C2B9EA7B700AF16FE /* testUITests.swift */; };
		CC176C8F2B9EA7B700AF16FE /* testUITestsLaunchTests.swift in Sources */ = {isa = PBXBuildFile; fileRef = CC176C8E2B9EA7B700AF16FE /* testUITestsLaunchTests.swift */; };
/* End PBXBuildFile section */

/* Begin PBXContainerItemProxy section */
		CC176C7F2B9EA7B700AF16FE /* PBXContainerItemProxy */ = {
			isa = PBXContainerItemProxy;
			containerPortal = CC176C602B9EA7B500AF16FE /* Project object */;
			proxyType = 1;
			remoteGlobalIDString = CC176C672B9EA7B500AF16FE;
			remoteInfo = test;
		};
		CC176C892B9EA7B700AF16FE /* PBXContainerItemProxy */ = {
			isa = PBXContainerItemProxy;
			containerPortal = CC176C602B9EA7B500AF16FE /* Project object */;
			proxyType = 1;
			remoteGlobalIDString = CC176C672B9EA7B500AF16FE;
			remoteInfo = test;
		};
/* End PBXContainerItemProxy section */

/* Begin PBXFileReference section */
		CC176C682B9EA7B500AF16FE /* test.app */ = {isa = PBXFileReference; explicitFileType = wrapper.application; includeInIndex = 0; path = test.app; sourceTree = BUILT_PRODUCTS_DIR; };
		CC176C6B2B9EA7B500AF16FE /* AppDelegate.swift */ = {isa = PBXFileReference; lastKnownFileType = sourcecode.swift; path = AppDelegate.swift; sourceTree = "<group>"; };
		CC176C6D2B9EA7B500AF16FE /* SceneDelegate.swift */ = {isa = PBXFileReference; lastKnownFileType = sourcecode.swift; path = SceneDelegate.swift; sourceTree = "<group>"; };
		CC176C6F2B9EA7B500AF16FE /* ViewController.swift */ = {isa = PBXFileReference; lastKnownFileType = sourcecode.swift; path = ViewController.swift; sourceTree = "<group>"; };
		CC176C722B9EA7B500AF16FE /* Base */ = {isa = PBXFileReference; lastKnownFileType = file.storyboard; name = Base; path = Base.lproj/Main.storyboard; sourceTree = "<group>"; };
		CC176C742B9EA7B700AF16FE /* Assets.xcassets */ = {isa = PBXFileReference; lastKnownFileType = folder.assetcatalog; path = Assets.xcassets; sourceTree = "<group>"; };
		CC176C772B9EA7B700AF16FE /* Base */ = {isa = PBXFileReference; lastKnownFileType = file.storyboard; name = Base; path = Base.lproj/LaunchScreen.storyboard; sourceTree = "<group>"; };
		CC176C792B9EA7B700AF16FE /* Info.plist */ = {isa = PBXFileReference; lastKnownFileType = text.plist.xml; path = Info.plist; sourceTree = "<group>"; };
		CC176C7E2B9EA7B700AF16FE /* testTests.xctest */ = {isa = PBXFileReference; explicitFileType = wrapper.cfbundle; includeInIndex = 0; path = testTests.xctest; sourceTree = BUILT_PRODUCTS_DIR; };
		CC176C822B9EA7B700AF16FE /* testTests.swift */ = {isa = PBXFileReference; lastKnownFileType = sourcecode.swift; path = testTests.swift; sourceTree = "<group>"; };
		CC176C882B9EA7B700AF16FE /* testUITests.xctest */ = {isa = PBXFileReference; explicitFileType = wrapper.cfbundle; includeInIndex = 0; path = testUITests.xctest; sourceTree = BUILT_PRODUCTS_DIR; };
		CC176C8C2B9EA7B700AF16FE /* testUITests.swift */ = {isa = PBXFileReference; lastKnownFileType = sourcecode.swift; path = testUITests.swift; sourceTree = "<group>"; };
		CC176C8E2B9EA7B700AF16FE /* testUITestsLaunchTests.swift */ = {isa = PBXFileReference; lastKnownFileType = sourcecode.swift; path = testUITestsLaunchTests.swift; sourceTree = "<group>"; };
/* End PBXFileReference section */

/* Begin PBXFrameworksBuildPhase section */
		CC176C652B9EA7B500AF16FE /* Frameworks */ = {
			isa = PBXFrameworksBuildPhase;
			buildActionMask = 2147483647;
			files = (
			);
			runOnlyForDeploymentPostprocessing = 0;
		};
		CC176C7B2B9EA7B700AF16FE /* Frameworks */ = {
			isa = PBXFrameworksBuildPhase;
			buildActionMask = 2147483647;
			files = (
			);
			runOnlyForDeploymentPostprocessing = 0;
		};
		CC176C852B9EA7B700AF16FE /* Frameworks */ = {
			isa = PBXFrameworksBuildPhase;
			buildActionMask = 2147483647;
			files = (
			);
			runOnlyForDeploymentPostprocessing = 0;
		};
/* End PBXFrameworksBuildPhase section */

/* Begin PBXGroup section */
		CC176C5F2B9EA7B500AF16FE = {
			isa = PBXGroup;
			children = (
				CC176C6A2B9EA7B500AF16FE /* test */,
				CC176C812B9EA7B700AF16FE /* testTests */,
				CC176C8B2B9EA7B700AF16FE /* testUITests */,
				CC176C692B9EA7B500AF16FE /* Products */,
			);
			sourceTree = "<group>";
		};
		CC176C692B9EA7B500AF16FE /* Products */ = {
			isa = PBXGroup;
			children = (
				CC176C682B9EA7B500AF16FE /* test.app */,
				CC176C7E2B9EA7B700AF16FE /* testTests.xctest */,
				CC176C882B9EA7B700AF16FE /* testUITests.xctest */,
			);
			name = Products;
			sourceTree = "<group>";
		};
		CC176C6A2B9EA7B500AF16FE /* test */ = {
			isa = PBXGroup;
			children = (
				CC176C6B2B9EA7B500AF16FE /* AppDelegate.swift */,
				CC176C6D2B9EA7B500AF16FE /* SceneDelegate.swift */,
				CC176C6F2B9EA7B500AF16FE /* ViewController.swift */,
				CC176C712B9EA7B500AF16FE /* Main.storyboard */,
				CC176C742B9EA7B700AF16FE /* Assets.xcassets */,
				CC176C762B9EA7B700AF16FE /* LaunchScreen.storyboard */,
				CC176C792B9EA7B700AF16FE /* Info.plist */,
			);
			path = test;
			sourceTree = "<group>";
		};
		CC176C812B9EA7B700AF16FE /* testTests */ = {
			isa = PBXGroup;
			children = (
				CC176C822B9EA7B700AF16FE /* testTests.swift */,
			);
			path = testTests;
			sourceTree = "<group>";
		};
		CC176C8B2B9EA7B700AF16FE /* testUITests */ = {
			isa = PBXGroup;
			children = (
				CC176C8C2B9EA7B700AF16FE /* testUITests.swift */,
				CC176C8E2B9EA7B700AF16FE /* testUITestsLaunchTests.swift */,
			);
			path = testUITests;
			sourceTree = "<group>";
		};
/* End PBXGroup section */

/* Begin PBXNativeTarget section */
		CC176C672B9EA7B500AF16FE /* test */ = {
			isa = PBXNativeTarget;
			buildConfigurationList = CC176C922B9EA7B700AF16FE /* Build configuration list for PBXNativeTarget "test" */;
			buildPhases = (
				CC176C642B9EA7B500AF16FE /* Sources */,
				CC176C652B9EA7B500AF16FE /* Frameworks */,
				CC176C662B9EA7B500AF16FE /* Resources */,
			);
			buildRules = (
			);
			dependencies = (
			);
			name = test;
			productName = test;
			productReference = CC176C682B9EA7B500AF16FE /* test.app */;
			productType = "com.apple.product-type.application";
		};
		CC176C7D2B9EA7B700AF16FE /* testTests */ = {
			isa = PBXNativeTarget;
			buildConfigurationList = CC176C952B9EA7B700AF16FE /* Build configuration list for PBXNativeTarget "testTests" */;
			buildPhases = (
				CC176C7A2B9EA7B700AF16FE /* Sources */,
				CC176C7B2B9EA7B700AF16FE /* Frameworks */,
				CC176C7C2B9EA7B700AF16FE /* Resources */,
			);
			buildRules = (
			);
			dependencies = (
				CC176C802B9EA7B700AF16FE /* PBXTargetDependency */,
			);
			name = testTests;
			productName = testTests;
			productReference = CC176C7E2B9EA7B700AF16FE /* testTests.xctest */;
			productType = "com.apple.product-type.bundle.unit-test";
		};
		CC176C872B9EA7B700AF16FE /* testUITests */ = {
			isa = PBXNativeTarget;
			buildConfigurationList = CC176C982B9EA7B700AF16FE /* Build configuration list for PBXNativeTarget "testUITests" */;
			buildPhases = (
				CC176C842B9EA7B700AF16FE /* Sources */,
				CC176C852B9EA7B700AF16FE /* Frameworks */,
				CC176C862B9EA7B700AF16FE /* Resources */,
			);
			buildRules = (
			);
			dependencies = (
				CC176C8A2B9EA7B700AF16FE /* PBXTargetDependency */,
			);
			name = testUITests;
			productName = testUITests;
			productReference = CC176C882B9EA7B700AF16FE /* testUITests.xctest */;
			productType = "com.apple.product-type.bundle.ui-testing";
		};
/* End PBXNativeTarget section */

/* Begin PBXProject section */
		CC176C602B9EA7B500AF16FE /* Project object */ = {
			isa = PBXProject;
			attributes = {
				BuildIndependentTargetsInParallel = 1;
				LastSwiftUpdateCheck = 1510;
				LastUpgradeCheck = 1510;
				TargetAttributes = {
					CC176C672B9EA7B500AF16FE = {
						CreatedOnToolsVersion = 15.1;
					};
					CC176C7D2B9EA7B700AF16FE = {
						CreatedOnToolsVersion = 15.1;
						TestTargetID = CC176C672B9EA7B500AF16FE;
					};
					CC176C872B9EA7B700AF16FE = {
						CreatedOnToolsVersion = 15.1;
						TestTargetID = CC176C672B9EA7B500AF16FE;
					};
				};
			};
			buildConfigurationList = CC176C632B9EA7B500AF16FE /* Build configuration list for PBXProject "test" */;
			compatibilityVersion = "Xcode 14.0";
			developmentRegion = en;
			hasScannedForEncodings = 0;
			knownRegions = (
				en,
				Base,
			);
			mainGroup = CC176C5F2B9EA7B500AF16FE;
			productRefGroup = CC176C692B9EA7B500AF16FE /* Products */;
			projectDirPath = "";
			projectRoot = "";
			targets = (
				CC176C672B9EA7B500AF16FE /* test */,
				CC176C7D2B9EA7B700AF16FE /* testTests */,
				CC176C872B9EA7B700AF16FE /* testUITests */,
			);
		};
/* End PBXProject section */

/* Begin PBXResourcesBuildPhase section */
		CC176C662B9EA7B500AF16FE /* Resources */ = {
			isa = PBXResourcesBuildPhase;
			buildActionMask = 2147483647;
			files = (
				CC176C782B9EA7B700AF16FE /* LaunchScreen.storyboard in Resources */,
				CC176C752B9EA7B700AF16FE /* Assets.xcassets in Resources */,
				CC176C732B9EA7B500AF16FE /* Main.storyboard in Resources */,
			);
			runOnlyForDeploymentPostprocessing = 0;
		};
		CC176C7C2B9EA7B700AF16FE /* Resources */ = {
			isa = PBXResourcesBuildPhase;
			buildActionMask = 2147483647;
			files = (
			);
			runOnlyForDeploymentPostprocessing = 0;
		};
		CC176C862B9EA7B700AF16FE /* Resources */ = {
			isa = PBXResourcesBuildPhase;
			buildActionMask = 2147483647;
			files = (
			);
			runOnlyForDeploymentPostprocessing = 0;
		};
/* End PBXResourcesBuildPhase section */

/* Begin PBXSourcesBuildPhase section */
		CC176C642B9EA7B500AF16FE /* Sources */ = {
			isa = PBXSourcesBuildPhase;
			buildActionMask = 2147483647;
			files = (
				CC176C702B9EA7B500AF16FE /* ViewController.swift in Sources */,
				CC176C6C2B9EA7B500AF16FE /* AppDelegate.swift in Sources */,
				CC176C6E2B9EA7B500AF16FE /* SceneDelegate.swift in Sources */,
			);
			runOnlyForDeploymentPostprocessing = 0;
		};
		CC176C7A2B9EA7B700AF16FE /* Sources */ = {
			isa = PBXSourcesBuildPhase;
			buildActionMask = 2147483647;
			files = (
				CC176C832B9EA7B700AF16FE /* testTests.swift in Sources */,
			);
			runOnlyForDeploymentPostprocessing = 0;
		};
		CC176C842B9EA7B700AF16FE /* Sources */ = {
			isa = PBXSourcesBuildPhase;
			buildActionMask = 2147483647;
			files = (
				CC176C8F2B9EA7B700AF16FE /* testUITestsLaunchTests.swift in Sources */,
				CC176C8D2B9EA7B700AF16FE /* testUITests.swift in Sources */,
			);
			runOnlyForDeploymentPostprocessing = 0;
		};
/* End PBXSourcesBuildPhase section */

/* Begin PBXTargetDependency section */
		CC176C802B9EA7B700AF16FE /* PBXTargetDependency */ = {
			isa = PBXTargetDependency;
			target = CC176C672B9EA7B500AF16FE /* test */;
			targetProxy = CC176C7F2B9EA7B700AF16FE /* PBXContainerItemProxy */;
		};
		CC176C8A2B9EA7B700AF16FE /* PBXTargetDependency */ = {
			isa = PBXTargetDependency;
			target = CC176C672B9EA7B500AF16FE /* test */;
			targetProxy = CC176C892B9EA7B700AF16FE /* PBXContainerItemProxy */;
		};
/* End PBXTargetDependency section */

/* Begin PBXVariantGroup section */
		CC176C712B9EA7B500AF16FE /* Main.storyboard */ = {
			isa = PBXVariantGroup;
			children = (
				CC176C722B9EA7B500AF16FE /* Base */,
			);
			name = Main.storyboard;
			sourceTree = "<group>";
		};
		CC176C762B9EA7B700AF16FE /* LaunchScreen.storyboard */ = {
			isa = PBXVariantGroup;
			children = (
				CC176C772B9EA7B700AF16FE /* Base */,
			);
			name = LaunchScreen.storyboard;
			sourceTree = "<group>";
		};
/* End PBXVariantGroup section */

/* Begin XCBuildConfiguration section */
		CC176C902B9EA7B700AF16FE /* Debug */ = {
			isa = XCBuildConfiguration;
			buildSettings = {
				ALWAYS_SEARCH_USER_PATHS = NO;
				ASSETCATALOG_COMPILER_GENERATE_SWIFT_ASSET_SYMBOL_EXTENSIONS = YES;
				CLANG_ANALYZER_NONNULL = YES;
				CLANG_ANALYZER_NUMBER_OBJECT_CONVERSION = YES_AGGRESSIVE;
				CLANG_CXX_LANGUAGE_STANDARD = "gnu++20";
				CLANG_ENABLE_MODULES = YES;
				CLANG_ENABLE_OBJC_ARC = YES;
				CLANG_ENABLE_OBJC_WEAK = YES;
				CLANG_WARN_BLOCK_CAPTURE_AUTORELEASING = YES;
				CLANG_WARN_BOOL_CONVERSION = YES;
				CLANG_WARN_COMMA = YES;
				CLANG_WARN_CONSTANT_CONVERSION = YES;
				CLANG_WARN_DEPRECATED_OBJC_IMPLEMENTATIONS = YES;
				CLANG_WARN_DIRECT_OBJC_ISA_USAGE = YES_ERROR;
				CLANG_WARN_DOCUMENTATION_COMMENTS = YES;
				CLANG_WARN_EMPTY_BODY = YES;
				CLANG_WARN_ENUM_CONVERSION = YES;
				CLANG_WARN_INFINITE_RECURSION = YES;
				CLANG_WARN_INT_CONVERSION = YES;
				CLANG_WARN_NON_LITERAL_NULL_CONVERSION = YES;
				CLANG_WARN_OBJC_IMPLICIT_RETAIN_SELF = YES;
				CLANG_WARN_OBJC_LITERAL_CONVERSION = YES;
				CLANG_WARN_OBJC_ROOT_CLASS = YES_ERROR;
				CLANG_WARN_QUOTED_INCLUDE_IN_FRAMEWORK_HEADER = YES;
				CLANG_WARN_RANGE_LOOP_ANALYSIS = YES;
				CLANG_WARN_STRICT_PROTOTYPES = YES;
				CLANG_WARN_SUSPICIOUS_MOVE = YES;
				CLANG_WARN_UNGUARDED_AVAILABILITY = YES_AGGRESSIVE;
				CLANG_WARN_UNREACHABLE_CODE = YES;
				CLANG_WARN__DUPLICATE_METHOD_MATCH = YES;
				COPY_PHASE_STRIP = NO;
				DEBUG_INFORMATION_FORMAT = dwarf;
				ENABLE_STRICT_OBJC_MSGSEND = YES;
				ENABLE_TESTABILITY = YES;
				ENABLE_USER_SCRIPT_SANDBOXING = YES;
				GCC_C_LANGUAGE_STANDARD = gnu17;
				GCC_DYNAMIC_NO_PIC = NO;
				GCC_NO_COMMON_BLOCKS = YES;
				GCC_OPTIMIZATION_LEVEL = 0;
				GCC_PREPROCESSOR_DEFINITIONS = (
					"DEBUG=1",
					"$(inherited)",
				);
				GCC_WARN_64_TO_32_BIT_CONVERSION = YES;
				GCC_WARN_ABOUT_RETURN_TYPE = YES_ERROR;
				GCC_WARN_UNDECLARED_SELECTOR = YES;
				GCC_WARN_UNINITIALIZED_AUTOS = YES_AGGRESSIVE;
				GCC_WARN_UNUSED_FUNCTION = YES;
				GCC_WARN_UNUSED_VARIABLE = YES;
				IPHONEOS_DEPLOYMENT_TARGET = 17.2;
				LOCALIZATION_PREFERS_STRING_CATALOGS = YES;
				MTL_ENABLE_DEBUG_INFO = INCLUDE_SOURCE;
				MTL_FAST_MATH = YES;
				ONLY_ACTIVE_ARCH = YES;
				SDKROOT = iphoneos;
				SWIFT_ACTIVE_COMPILATION_CONDITIONS = "DEBUG $(inherited)";
				SWIFT_OPTIMIZATION_LEVEL = "-Onone";
			};
			name = Debug;
		};
		CC176C912B9EA7B700AF16FE /* Release */ = {
			isa = XCBuildConfiguration;
			buildSettings = {
				ALWAYS_SEARCH_USER_PATHS = NO;
				ASSETCATALOG_COMPILER_GENERATE_SWIFT_ASSET_SYMBOL_EXTENSIONS = YES;
				CLANG_ANALYZER_NONNULL = YES;
				CLANG_ANALYZER_NUMBER_OBJECT_CONVERSION = YES_AGGRESSIVE;
				CLANG_CXX_LANGUAGE_STANDARD = "gnu++20";
				CLANG_ENABLE_MODULES = YES;
				CLANG_ENABLE_OBJC_ARC = YES;
				CLANG_ENABLE_OBJC_WEAK = YES;
				CLANG_WARN_BLOCK_CAPTURE_AUTORELEASING = YES;
				CLANG_WARN_BOOL_CONVERSION = YES;
				CLANG_WARN_COMMA = YES;
				CLANG_WARN_CONSTANT_CONVERSION = YES;
				CLANG_WARN_DEPRECATED_OBJC_IMPLEMENTATIONS = YES;
				CLANG_WARN_DIRECT_OBJC_ISA_USAGE = YES_ERROR;
				CLANG_WARN_DOCUMENTATION_COMMENTS = YES;
				CLANG_WARN_EMPTY_BODY = YES;
				CLANG_WARN_ENUM_CONVERSION = YES;
				CLANG_WARN_INFINITE_RECURSION = YES;
				CLANG_WARN_INT_CONVERSION = YES;
				CLANG_WARN_NON_LITERAL_NULL_CONVERSION = YES;
				CLANG_WARN_OBJC_IMPLICIT_RETAIN_SELF = YES;
				CLANG_WARN_OBJC_LITERAL_CONVERSION = YES;
				CLANG_WARN_OBJC_ROOT_CLASS = YES_ERROR;
				CLANG_WARN_QUOTED_INCLUDE_IN_FRAMEWORK_HEADER = YES;
				CLANG_WARN_RANGE_LOOP_ANALYSIS = YES;
				CLANG_WARN_STRICT_PROTOTYPES = YES;
				CLANG_WARN_SUSPICIOUS_MOVE = YES;
				CLANG_WARN_UNGUARDED_AVAILABILITY = YES_AGGRESSIVE;
				CLANG_WARN_UNREACHABLE_CODE = YES;
				CLANG_WARN__DUPLICATE_METHOD_MATCH = YES;
				COPY_PHASE_STRIP = NO;
				DEBUG_INFORMATION_FORMAT = "dwarf-with-dsym";
				ENABLE_NS_ASSERTIONS = NO;
				ENABLE_STRICT_OBJC_MSGSEND = YES;
				ENABLE_USER_SCRIPT_SANDBOXING = YES;
				GCC_C_LANGUAGE_STANDARD = gnu17;
				GCC_NO_COMMON_BLOCKS = YES;
				GCC_WARN_64_TO_32_BIT_CONVERSION = YES;
				GCC_WARN_ABOUT_RETURN_TYPE = YES_ERROR;
				GCC_WARN_UNDECLARED_SELECTOR = YES;
				GCC_WARN_UNINITIALIZED_AUTOS = YES_AGGRESSIVE;
				GCC_WARN_UNUSED_FUNCTION = YES;
				GCC_WARN_UNUSED_VARIABLE = YES;
				IPHONEOS_DEPLOYMENT_TARGET = 17.2;
				LOCALIZATION_PREFERS_STRING_CATALOGS = YES;
				MTL_ENABLE_DEBUG_INFO = NO;
				MTL_FAST_MATH = YES;
				SDKROOT = iphoneos;
				SWIFT_COMPILATION_MODE = wholemodule;
				VALIDATE_PRODUCT = YES;
			};
			name = Release;
		};
		CC176C932B9EA7B700AF16FE /* Debug */ = {
			isa = XCBuildConfiguration;
			buildSettings = {
				ASSETCATALOG_COMPILER_APPICON_NAME = AppIcon;
				ASSETCATALOG_COMPILER_GLOBAL_ACCENT_COLOR_NAME = AccentColor;
				CODE_SIGN_STYLE = Automatic;
				CURRENT_PROJECT_VERSION = 1;
				DEVELOPMENT_TEAM = HGC446G538;
				GENERATE_INFOPLIST_FILE = YES;
				INFOPLIST_FILE = test/Info.plist;
				INFOPLIST_KEY_UIApplicationSupportsIndirectInputEvents = YES;
				INFOPLIST_KEY_UILaunchStoryboardName = LaunchScreen;
				INFOPLIST_KEY_UIMainStoryboardFile = Main;
				INFOPLIST_KEY_UISupportedInterfaceOrientations_iPad = "UIInterfaceOrientationPortrait UIInterfaceOrientationPortraitUpsideDown UIInterfaceOrientationLandscapeLeft UIInterfaceOrientationLandscapeRight";
				INFOPLIST_KEY_UISupportedInterfaceOrientations_iPhone = "UIInterfaceOrientationPortrait UIInterfaceOrientationLandscapeLeft UIInterfaceOrientationLandscapeRight";
				LD_RUNPATH_SEARCH_PATHS = (
					"$(inherited)",
					"@executable_path/Frameworks",
				);
				MARKETING_VERSION = 1.0;
				PRODUCT_BUNDLE_IDENTIFIER = roh.test;
				PRODUCT_NAME = "$(TARGET_NAME)";
				SWIFT_EMIT_LOC_STRINGS = YES;
				SWIFT_VERSION = 5.0;
				TARGETED_DEVICE_FAMILY = "1,2";
			};
			name = Debug;
		};
		CC176C942B9EA7B700AF16FE /* Release */ = {
			isa = XCBuildConfiguration;
			buildSettings = {
				ASSETCATALOG_COMPILER_APPICON_NAME = AppIcon;
				ASSETCATALOG_COMPILER_GLOBAL_ACCENT_COLOR_NAME = AccentColor;
				CODE_SIGN_STYLE = Automatic;
				CURRENT_PROJECT_VERSION = 1;
				DEVELOPMENT_TEAM = HGC446G538;
				GENERATE_INFOPLIST_FILE = YES;
				INFOPLIST_FILE = test/Info.plist;
				INFOPLIST_KEY_UIApplicationSupportsIndirectInputEvents = YES;
				INFOPLIST_KEY_UILaunchStoryboardName = LaunchScreen;
				INFOPLIST_KEY_UIMainStoryboardFile = Main;
				INFOPLIST_KEY_UISupportedInterfaceOrientations_iPad = "UIInterfaceOrientationPortrait UIInterfaceOrientationPortraitUpsideDown UIInterfaceOrientationLandscapeLeft UIInterfaceOrientationLandscapeRight";
				INFOPLIST_KEY_UISupportedInterfaceOrientations_iPhone = "UIInterfaceOrientationPortrait UIInterfaceOrientationLandscapeLeft UIInterfaceOrientationLandscapeRight";
				LD_RUNPATH_SEARCH_PATHS = (
					"$(inherited)",
					"@executable_path/Frameworks",
				);
				MARKETING_VERSION = 1.0;
				PRODUCT_BUNDLE_IDENTIFIER = roh.test;
				PRODUCT_NAME = "$(TARGET_NAME)";
				SWIFT_EMIT_LOC_STRINGS = YES;
				SWIFT_VERSION = 5.0;
				TARGETED_DEVICE_FAMILY = "1,2";
			};
			name = Release;
		};
		CC176C962B9EA7B700AF16FE /* Debug */ = {
			isa = XCBuildConfiguration;
			buildSettings = {
				ALWAYS_EMBED_SWIFT_STANDARD_LIBRARIES = YES;
				BUNDLE_LOADER = "$(TEST_HOST)";
				CODE_SIGN_STYLE = Automatic;
				CURRENT_PROJECT_VERSION = 1;
				DEVELOPMENT_TEAM = HGC446G538;
				GENERATE_INFOPLIST_FILE = YES;
				IPHONEOS_DEPLOYMENT_TARGET = 17.2;
				MARKETING_VERSION = 1.0;
				PRODUCT_BUNDLE_IDENTIFIER = roh.testTests;
				PRODUCT_NAME = "$(TARGET_NAME)";
				SWIFT_EMIT_LOC_STRINGS = NO;
				SWIFT_VERSION = 5.0;
				TARGETED_DEVICE_FAMILY = "1,2";
				TEST_HOST = "$(BUILT_PRODUCTS_DIR)/test.app/$(BUNDLE_EXECUTABLE_FOLDER_PATH)/test";
			};
			name = Debug;
		};
		CC176C972B9EA7B700AF16FE /* Release */ = {
			isa = XCBuildConfiguration;
			buildSettings = {
				ALWAYS_EMBED_SWIFT_STANDARD_LIBRARIES = YES;
				BUNDLE_LOADER = "$(TEST_HOST)";
				CODE_SIGN_STYLE = Automatic;
				CURRENT_PROJECT_VERSION = 1;
				DEVELOPMENT_TEAM = HGC446G538;
				GENERATE_INFOPLIST_FILE = YES;
				IPHONEOS_DEPLOYMENT_TARGET = 17.2;
				MARKETING_VERSION = 1.0;
				PRODUCT_BUNDLE_IDENTIFIER = roh.testTests;
				PRODUCT_NAME = "$(TARGET_NAME)";
				SWIFT_EMIT_LOC_STRINGS = NO;
				SWIFT_VERSION = 5.0;
				TARGETED_DEVICE_FAMILY = "1,2";
				TEST_HOST = "$(BUILT_PRODUCTS_DIR)/test.app/$(BUNDLE_EXECUTABLE_FOLDER_PATH)/test";
			};
			name = Release;
		};
		CC176C992B9EA7B700AF16FE /* Debug */ = {
			isa = XCBuildConfiguration;
			buildSettings = {
				ALWAYS_EMBED_SWIFT_STANDARD_LIBRARIES = YES;
				CODE_SIGN_STYLE = Automatic;
				CURRENT_PROJECT_VERSION = 1;
				DEVELOPMENT_TEAM = HGC446G538;
				GENERATE_INFOPLIST_FILE = YES;
				MARKETING_VERSION = 1.0;
				PRODUCT_BUNDLE_IDENTIFIER = roh.testUITests;
				PRODUCT_NAME = "$(TARGET_NAME)";
				SWIFT_EMIT_LOC_STRINGS = NO;
				SWIFT_VERSION = 5.0;
				TARGETED_DEVICE_FAMILY = "1,2";
				TEST_TARGET_NAME = test;
			};
			name = Debug;
		};
		CC176C9A2B9EA7B700AF16FE /* Release */ = {
			isa = XCBuildConfiguration;
			buildSettings = {
				ALWAYS_EMBED_SWIFT_STANDARD_LIBRARIES = YES;
				CODE_SIGN_STYLE = Automatic;
				CURRENT_PROJECT_VERSION = 1;
				DEVELOPMENT_TEAM = HGC446G538;
				GENERATE_INFOPLIST_FILE = YES;
				MARKETING_VERSION = 1.0;
				PRODUCT_BUNDLE_IDENTIFIER = roh.testUITests;
				PRODUCT_NAME = "$(TARGET_NAME)";
				SWIFT_EMIT_LOC_STRINGS = NO;
				SWIFT_VERSION = 5.0;
				TARGETED_DEVICE_FAMILY = "1,2";
				TEST_TARGET_NAME = test;
			};
			name = Release;
		};
/* End XCBuildConfiguration section */

/* Begin XCConfigurationList section */
		CC176C632B9EA7B500AF16FE /* Build configuration list for PBXProject "test" */ = {
			isa = XCConfigurationList;
			buildConfigurations = (
				CC176C902B9EA7B700AF16FE /* Debug */,
				CC176C912B9EA7B700AF16FE /* Release */,
			);
			defaultConfigurationIsVisible = 0;
			defaultConfigurationName = Release;
		};
		CC176C922B9EA7B700AF16FE /* Build configuration list for PBXNativeTarget "test" */ = {
			isa = XCConfigurationList;
			buildConfigurations = (
				CC176C932B9EA7B700AF16FE /* Debug */,
				CC176C942B9EA7B700AF16FE /* Release */,
			);
			defaultConfigurationIsVisible = 0;
			defaultConfigurationName = Release;
		};
		CC176C952B9EA7B700AF16FE /* Build configuration list for PBXNativeTarget "testTests" */ = {
			isa = XCConfigurationList;
			buildConfigurations = (
				CC176C962B9EA7B700AF16FE /* Debug */,
				CC176C972B9EA7B700AF16FE /* Release */,
			);
			defaultConfigurationIsVisible = 0;
			defaultConfigurationName = Release;
		};
		CC176C982B9EA7B700AF16FE /* Build configuration list for PBXNativeTarget "testUITests" */ = {
			isa = XCConfigurationList;
			buildConfigurations = (
				CC176C992B9EA7B700AF16FE /* Debug */,
				CC176C9A2B9EA7B700AF16FE /* Release */,
			);
			defaultConfigurationIsVisible = 0;
			defaultConfigurationName = Release;
		};
/* End XCConfigurationList section */
	};
	rootObject = CC176C602B9EA7B500AF16FE /* Project object */;
}
